// !$*UTF8*$!
{
	archiveVersion = 1;
	classes = {
	};
	objectVersion = 50;
	objects = {

/* Begin PBXBuildFile section */
		7D233B302330472800EC95B6 /* ProfileViewModelTest.swift in Sources */ = {isa = PBXBuildFile; fileRef = 7D233B2F2330472800EC95B6 /* ProfileViewModelTest.swift */; };
		7D233B322330473200EC95B6 /* ProfileViewControllerTest.swift in Sources */ = {isa = PBXBuildFile; fileRef = 7D233B312330473200EC95B6 /* ProfileViewControllerTest.swift */; };
		7D233B34233109C800EC95B6 /* ProfileCache.swift in Sources */ = {isa = PBXBuildFile; fileRef = 7D233B33233109C800EC95B6 /* ProfileCache.swift */; };
		7D233B36233226F300EC95B6 /* ProfileCacheTest.swift in Sources */ = {isa = PBXBuildFile; fileRef = 7D233B35233226F300EC95B6 /* ProfileCacheTest.swift */; };
		7D233B38233384EE00EC95B6 /* SettingsViewController.swift in Sources */ = {isa = PBXBuildFile; fileRef = 7D233B37233384EE00EC95B6 /* SettingsViewController.swift */; };
		7D233B3A2334C6DF00EC95B6 /* SettingsViewControllerTest.swift in Sources */ = {isa = PBXBuildFile; fileRef = 7D233B392334C6DF00EC95B6 /* SettingsViewControllerTest.swift */; };
		7D2AD5E02490E4A100D28C62 /* SDImageTransformers.swift in Sources */ = {isa = PBXBuildFile; fileRef = 7D2AD5DF2490E4A100D28C62 /* SDImageTransformers.swift */; };
		7D3088F2249DBB3400826E5D /* FakeOnboardingDelegate.swift in Sources */ = {isa = PBXBuildFile; fileRef = 7D3088F1249DBB3400826E5D /* FakeOnboardingDelegate.swift */; };
		7D47CC9D22FB88C700A4D96E /* AppDelegate.swift in Sources */ = {isa = PBXBuildFile; fileRef = 7D47CC9C22FB88C700A4D96E /* AppDelegate.swift */; };
		7D47CCA522FB88C700A4D96E /* Wilt.xcdatamodeld in Sources */ = {isa = PBXBuildFile; fileRef = 7D47CCA322FB88C700A4D96E /* Wilt.xcdatamodeld */; };
		7D47CCA722FB88C900A4D96E /* Assets.xcassets in Resources */ = {isa = PBXBuildFile; fileRef = 7D47CCA622FB88C900A4D96E /* Assets.xcassets */; };
		7D47CCAA22FB88C900A4D96E /* LaunchScreen.storyboard in Resources */ = {isa = PBXBuildFile; fileRef = 7D47CCA822FB88C900A4D96E /* LaunchScreen.storyboard */; };
		7D47CCC022FB88CA00A4D96E /* WiltUITests.swift in Sources */ = {isa = PBXBuildFile; fileRef = 7D47CCBF22FB88CA00A4D96E /* WiltUITests.swift */; };
		7D5559B72456D24200EA07FE /* ArtistDetailViewController.swift in Sources */ = {isa = PBXBuildFile; fileRef = 7D5559B62456D24200EA07FE /* ArtistDetailViewController.swift */; };
		7D5559B92456D35000EA07FE /* ArtistDetailViewModel.swift in Sources */ = {isa = PBXBuildFile; fileRef = 7D5559B82456D35000EA07FE /* ArtistDetailViewModel.swift */; };
		7D5559BB24599AC800EA07FE /* ArtistDetailTitleCell.swift in Sources */ = {isa = PBXBuildFile; fileRef = 7D5559BA24599AC800EA07FE /* ArtistDetailTitleCell.swift */; };
		7D5559BE245AF29600EA07FE /* ArtistDetailViewModelTest.swift in Sources */ = {isa = PBXBuildFile; fileRef = 7D5559BD245AF29600EA07FE /* ArtistDetailViewModelTest.swift */; };
		7D5559C0245C449F00EA07FE /* ArtistDetailViewControllerTest.swift in Sources */ = {isa = PBXBuildFile; fileRef = 7D5559BF245C449F00EA07FE /* ArtistDetailViewControllerTest.swift */; };
		7D5559C424600E4700EA07FE /* ArtistActivityCache.swift in Sources */ = {isa = PBXBuildFile; fileRef = 7D5559C324600E4700EA07FE /* ArtistActivityCache.swift */; };
		7D5559C62460243F00EA07FE /* ArtistActivityCacheTest.swift in Sources */ = {isa = PBXBuildFile; fileRef = 7D5559C52460243F00EA07FE /* ArtistActivityCacheTest.swift */; };
		7D5559D624616FF600EA07FE /* HistoryViewController.swift in Sources */ = {isa = PBXBuildFile; fileRef = 7D5559D424616FF600EA07FE /* HistoryViewController.swift */; };
		7D5559D724616FF600EA07FE /* HistoryViewModel.swift in Sources */ = {isa = PBXBuildFile; fileRef = 7D5559D524616FF600EA07FE /* HistoryViewModel.swift */; };
		7D5559DA2461779E00EA07FE /* TrackHistoryCell.swift in Sources */ = {isa = PBXBuildFile; fileRef = 7D5559D82461779E00EA07FE /* TrackHistoryCell.swift */; };
		7D5559DB2461779E00EA07FE /* TrackHistoryData.swift in Sources */ = {isa = PBXBuildFile; fileRef = 7D5559D92461779E00EA07FE /* TrackHistoryData.swift */; };
		7D5559DE246177B100EA07FE /* TopArtistData.swift in Sources */ = {isa = PBXBuildFile; fileRef = 7D5559DC246177B000EA07FE /* TopArtistData.swift */; };
		7D5559DF246177B100EA07FE /* TopArtistCell.swift in Sources */ = {isa = PBXBuildFile; fileRef = 7D5559DD246177B000EA07FE /* TopArtistCell.swift */; };
		7D5559E224617B0300EA07FE /* TrackHistoryCache.swift in Sources */ = {isa = PBXBuildFile; fileRef = 7D5559E024617B0300EA07FE /* TrackHistoryCache.swift */; };
		7D5559E324617B0300EA07FE /* TrackHistoryPager.swift in Sources */ = {isa = PBXBuildFile; fileRef = 7D5559E124617B0300EA07FE /* TrackHistoryPager.swift */; };
		7D5A2AF7231A554D00B56000 /* LoggedInCoordinator.swift in Sources */ = {isa = PBXBuildFile; fileRef = 7D5A2AF6231A554D00B56000 /* LoggedInCoordinator.swift */; };
		7D5A2AF9231A573800B56000 /* MainAppViewController.swift in Sources */ = {isa = PBXBuildFile; fileRef = 7D5A2AF8231A573800B56000 /* MainAppViewController.swift */; };
		7D5A2AFB231A5B1D00B56000 /* FeedViewController.swift in Sources */ = {isa = PBXBuildFile; fileRef = 7D5A2AFA231A5B1D00B56000 /* FeedViewController.swift */; };
		7D5A2AFD231E687100B56000 /* PlayHistoryCache.swift in Sources */ = {isa = PBXBuildFile; fileRef = 7D5A2AFC231E687100B56000 /* PlayHistoryCache.swift */; };
		7D5A2AFF231E6C7600B56000 /* WiltDatabase.swift in Sources */ = {isa = PBXBuildFile; fileRef = 7D5A2AFE231E6C7600B56000 /* WiltDatabase.swift */; };
		7D5A2B032322682F00B56000 /* FeedViewControllerTest.swift in Sources */ = {isa = PBXBuildFile; fileRef = 7D5A2B022322682F00B56000 /* FeedViewControllerTest.swift */; };
		7D5A2B05232371B400B56000 /* PlayHistoryPager.swift in Sources */ = {isa = PBXBuildFile; fileRef = 7D5A2B04232371B400B56000 /* PlayHistoryPager.swift */; };
		7D5A2B0F2324C24B00B56000 /* FakePlayHistoryDao.swift in Sources */ = {isa = PBXBuildFile; fileRef = 7D5A2B0E2324C24B00B56000 /* FakePlayHistoryDao.swift */; };
		7D5A2B112324C25E00B56000 /* FakeWiltAPI.swift in Sources */ = {isa = PBXBuildFile; fileRef = 7D5A2B102324C25E00B56000 /* FakeWiltAPI.swift */; };
		7D5A2B152324E0FD00B56000 /* FeedViewModel.swift in Sources */ = {isa = PBXBuildFile; fileRef = 7D5A2B142324E0FD00B56000 /* FeedViewModel.swift */; };
		7D5A2B172325169900B56000 /* FakeData.swift in Sources */ = {isa = PBXBuildFile; fileRef = 7D5A2B162325169900B56000 /* FakeData.swift */; };
		7D5A2B1B232A504600B56000 /* FeedViewModelTest.swift in Sources */ = {isa = PBXBuildFile; fileRef = 7D5A2B1A232A504600B56000 /* FeedViewModelTest.swift */; };
		7D5A2B1D232A719E00B56000 /* PlayHistoryPagerTest.swift in Sources */ = {isa = PBXBuildFile; fileRef = 7D5A2B1C232A719E00B56000 /* PlayHistoryPagerTest.swift */; };
		7D5A2B1F232A71F700B56000 /* PlayHistoryCacheTest.swift in Sources */ = {isa = PBXBuildFile; fileRef = 7D5A2B1E232A71F700B56000 /* PlayHistoryCacheTest.swift */; };
		7D849A0E24397EED003D5A53 /* ArtistSearchViewControllerTest.swift in Sources */ = {isa = PBXBuildFile; fileRef = 7D849A0D24397EED003D5A53 /* ArtistSearchViewControllerTest.swift */; };
		7D910C5E233CDA5B006B8D94 /* NetworkActivityUtil.swift in Sources */ = {isa = PBXBuildFile; fileRef = 7D910C5D233CDA5B006B8D94 /* NetworkActivityUtil.swift */; };
		7D93CB216ED072AB454E149A /* Pods_WiltUITests.framework in Frameworks */ = {isa = PBXBuildFile; fileRef = F98E2CB4B35C1468FA503776 /* Pods_WiltUITests.framework */; };
		7DA898B8232E002000204823 /* ProfileViewController.swift in Sources */ = {isa = PBXBuildFile; fileRef = 7DA898B7232E002000204823 /* ProfileViewController.swift */; };
		7DA898BA232E02E500204823 /* ProfileViewModel.swift in Sources */ = {isa = PBXBuildFile; fileRef = 7DA898B9232E02E500204823 /* ProfileViewModel.swift */; };
		7DA898BC232E4C1300204823 /* ProfileCardView.swift in Sources */ = {isa = PBXBuildFile; fileRef = 7DA898BB232E4C1300204823 /* ProfileCardView.swift */; };
		7DB158592307D7FE00F86A9E /* Coordinator.swift in Sources */ = {isa = PBXBuildFile; fileRef = 7DB158582307D7FE00F86A9E /* Coordinator.swift */; };
		7DB1585B2307D88200F86A9E /* OnboardingCoordinator.swift in Sources */ = {isa = PBXBuildFile; fileRef = 7DB1585A2307D88200F86A9E /* OnboardingCoordinator.swift */; };
		7DB1585F2307DA8200F86A9E /* OnboardingIntroViewController.swift in Sources */ = {isa = PBXBuildFile; fileRef = 7DB1585E2307DA8200F86A9E /* OnboardingIntroViewController.swift */; };
		7DB158612309658100F86A9E /* OnboardingViewController.swift in Sources */ = {isa = PBXBuildFile; fileRef = 7DB158602309658100F86A9E /* OnboardingViewController.swift */; };
		7DB15863230ABD8F00F86A9E /* OnboardingPage.swift in Sources */ = {isa = PBXBuildFile; fileRef = 7DB15862230ABD8F00F86A9E /* OnboardingPage.swift */; };
		7DB15866230D6BEC00F86A9E /* Localizable.strings in Resources */ = {isa = PBXBuildFile; fileRef = 7DB15868230D6BEC00F86A9E /* Localizable.strings */; };
		7DB1586A230D6C8700F86A9E /* Utils.swift in Sources */ = {isa = PBXBuildFile; fileRef = 7DB15869230D6C8600F86A9E /* Utils.swift */; };
		7DB1586C2310CC1C00F86A9E /* OnboardingViewControllerTest.swift in Sources */ = {isa = PBXBuildFile; fileRef = 7DB1586B2310CC1C00F86A9E /* OnboardingViewControllerTest.swift */; };
		7DB1586F23120F6F00F86A9E /* KIFUtil.swift in Sources */ = {isa = PBXBuildFile; fileRef = 7DB1586E23120F6F00F86A9E /* KIFUtil.swift */; };
		7DB1587C2313E33700F86A9E /* SpotifyAuthoriser.swift in Sources */ = {isa = PBXBuildFile; fileRef = 7DB1587B2313E33700F86A9E /* SpotifyAuthoriser.swift */; };
		7DB1587F2315EED700F86A9E /* OnboardingViewModelTest.swift in Sources */ = {isa = PBXBuildFile; fileRef = 7DB1587E2315EED700F86A9E /* OnboardingViewModelTest.swift */; };
		7DB1588123169D5E00F86A9E /* FirebaseAPI.swift in Sources */ = {isa = PBXBuildFile; fileRef = 7DB1588023169D5E00F86A9E /* FirebaseAPI.swift */; };
		7DB1588323169E0D00F86A9E /* GoogleService-Info.plist in Resources */ = {isa = PBXBuildFile; fileRef = 7DB1588223169E0D00F86A9E /* GoogleService-Info.plist */; };
		7DB158852316A0D900F86A9E /* FirebaseAuthentication.swift in Sources */ = {isa = PBXBuildFile; fileRef = 7DB158842316A0D900F86A9E /* FirebaseAuthentication.swift */; };
		7DB158872318808800F86A9E /* OnboardingViewModel.swift in Sources */ = {isa = PBXBuildFile; fileRef = 7DB158862318808800F86A9E /* OnboardingViewModel.swift */; };
		7DB158892319575C00F86A9E /* OnboardingCoordinatorTest.swift in Sources */ = {isa = PBXBuildFile; fileRef = 7DB158882319575C00F86A9E /* OnboardingCoordinatorTest.swift */; };
		7DB1588C2319EDE300F86A9E /* FakeSpotifyAuthoriser.swift in Sources */ = {isa = PBXBuildFile; fileRef = 7DB1588B2319EDE300F86A9E /* FakeSpotifyAuthoriser.swift */; };
		7DB1588E2319EDF000F86A9E /* FakeAuthenticator.swift in Sources */ = {isa = PBXBuildFile; fileRef = 7DB1588D2319EDF000F86A9E /* FakeAuthenticator.swift */; };
		7DB15890231A4E2200F86A9E /* FakeError.swift in Sources */ = {isa = PBXBuildFile; fileRef = 7DB1588F231A4E2200F86A9E /* FakeError.swift */; };
		7DBF9C5723C1AB480064C345 /* SnapshotHelper.swift in Sources */ = {isa = PBXBuildFile; fileRef = 7DBF9C5623C1AB470064C345 /* SnapshotHelper.swift */; };
		7DD05B8423D03A880020EDD0 /* ArtistSearchViewController.swift in Sources */ = {isa = PBXBuildFile; fileRef = 7DD05B8323D03A880020EDD0 /* ArtistSearchViewController.swift */; };
		7DD05B8623D03B950020EDD0 /* ArtistResultsTableViewController.swift in Sources */ = {isa = PBXBuildFile; fileRef = 7DD05B8523D03B950020EDD0 /* ArtistResultsTableViewController.swift */; };
		7DD05B8823D04CB80020EDD0 /* ArtistSearchViewModel.swift in Sources */ = {isa = PBXBuildFile; fileRef = 7DD05B8723D04CB80020EDD0 /* ArtistSearchViewModel.swift */; };
		7DD05B8A23D0547B0020EDD0 /* ArtistViewModel.swift in Sources */ = {isa = PBXBuildFile; fileRef = 7DD05B8923D0547B0020EDD0 /* ArtistViewModel.swift */; };
		7DD05B8C23D05C690020EDD0 /* SearchAPI.swift in Sources */ = {isa = PBXBuildFile; fileRef = 7DD05B8B23D05C690020EDD0 /* SearchAPI.swift */; };
		7DD05B8E23D1036B0020EDD0 /* SpotifyAPI.swift in Sources */ = {isa = PBXBuildFile; fileRef = 7DD05B8D23D1036B0020EDD0 /* SpotifyAPI.swift */; };
		7DD05B9123D103F10020EDD0 /* SpotifyAPITest.swift in Sources */ = {isa = PBXBuildFile; fileRef = 7DD05B9023D103F10020EDD0 /* SpotifyAPITest.swift */; };
		7DD05B9323D195820020EDD0 /* UISearchBar+Loading.swift in Sources */ = {isa = PBXBuildFile; fileRef = 7DD05B9223D195820020EDD0 /* UISearchBar+Loading.swift */; };
		7DD05B9523D2866B0020EDD0 /* ArtistSearchViewModelTest.swift in Sources */ = {isa = PBXBuildFile; fileRef = 7DD05B9423D2866B0020EDD0 /* ArtistSearchViewModelTest.swift */; };
		7DD05B9923D28FDD0020EDD0 /* FakeSearchAPI.swift in Sources */ = {isa = PBXBuildFile; fileRef = 7DD05B9823D28FDD0020EDD0 /* FakeSearchAPI.swift */; };
		7DD05B9B23D2D9EF0020EDD0 /* ListenLaterNotifyingStore.swift in Sources */ = {isa = PBXBuildFile; fileRef = 7DD05B9A23D2D9ED0020EDD0 /* ListenLaterNotifyingStore.swift */; };
		7DD271EE23C52CDB006B543F /* ListenLaterViewModel.swift in Sources */ = {isa = PBXBuildFile; fileRef = 7DD271ED23C52CDB006B543F /* ListenLaterViewModel.swift */; };
		7DD271F023C53075006B543F /* ListenLaterStore.swift in Sources */ = {isa = PBXBuildFile; fileRef = 7DD271EF23C53075006B543F /* ListenLaterStore.swift */; };
		7DD271F323C5BBE7006B543F /* ListenLaterViewModelTest.swift in Sources */ = {isa = PBXBuildFile; fileRef = 7DD271F223C5BBE7006B543F /* ListenLaterViewModelTest.swift */; };
		7DD271F523C5BBF8006B543F /* ListenLaterStoreTest.swift in Sources */ = {isa = PBXBuildFile; fileRef = 7DD271F423C5BBF8006B543F /* ListenLaterStoreTest.swift */; };
		7DD271F723C5C7AE006B543F /* ListenLaterViewController.swift in Sources */ = {isa = PBXBuildFile; fileRef = 7DD271F623C5C7AE006B543F /* ListenLaterViewController.swift */; };
		7DD271F923C5DFB5006B543F /* ListenLaterArtistCell.swift in Sources */ = {isa = PBXBuildFile; fileRef = 7DD271F823C5DFB5006B543F /* ListenLaterArtistCell.swift */; };
		7DD271FB23C5E32E006B543F /* ListenLaterViewControllerTest.swift in Sources */ = {isa = PBXBuildFile; fileRef = 7DD271FA23C5E32E006B543F /* ListenLaterViewControllerTest.swift */; };
		7DD271FD23C67FFA006B543F /* FakeListenLaterDao.swift in Sources */ = {isa = PBXBuildFile; fileRef = 7DD271FC23C67FFA006B543F /* FakeListenLaterDao.swift */; };
		7DDF2B94246C0F3A002EBA42 /* TrackHistoryPagerTest.swift in Sources */ = {isa = PBXBuildFile; fileRef = 7DDF2B90246C0F3A002EBA42 /* TrackHistoryPagerTest.swift */; };
		7DDF2B95246C0F3A002EBA42 /* HistoryViewModelTest.swift in Sources */ = {isa = PBXBuildFile; fileRef = 7DDF2B91246C0F3A002EBA42 /* HistoryViewModelTest.swift */; };
		7DDF2B96246C0F3A002EBA42 /* HistoryViewControllerTest.swift in Sources */ = {isa = PBXBuildFile; fileRef = 7DDF2B92246C0F3A002EBA42 /* HistoryViewControllerTest.swift */; };
		7DDF2B97246C0F3A002EBA42 /* TrackHistoryCacheTest.swift in Sources */ = {isa = PBXBuildFile; fileRef = 7DDF2B93246C0F3A002EBA42 /* TrackHistoryCacheTest.swift */; };
		7DDF2B99246C1012002EBA42 /* FakeTrackHistoryDao.swift in Sources */ = {isa = PBXBuildFile; fileRef = 7DDF2B98246C1012002EBA42 /* FakeTrackHistoryDao.swift */; };
		7DF11A22232C803E00C1072B /* Wilt.xcdatamodeld in Sources */ = {isa = PBXBuildFile; fileRef = 7D47CCA322FB88C700A4D96E /* Wilt.xcdatamodeld */; };
		7DF84B6022FE833A00E410B3 /* WiltAppCoordinator.swift in Sources */ = {isa = PBXBuildFile; fileRef = 7DF84B5F22FE833A00E410B3 /* WiltAppCoordinator.swift */; };
		A8853DE7A8B060739C6FFBCA /* Pods_Wilt.framework in Frameworks */ = {isa = PBXBuildFile; fileRef = CF7207B04CB17C38F14DBEE6 /* Pods_Wilt.framework */; };
		D816F5BD3D530B4C2A84459D /* Pods_WiltTests.framework in Frameworks */ = {isa = PBXBuildFile; fileRef = 47CDEE7A0087C87FA953873A /* Pods_WiltTests.framework */; };
/* End PBXBuildFile section */

/* Begin PBXContainerItemProxy section */
		7D47CCB122FB88CA00A4D96E /* PBXContainerItemProxy */ = {
			isa = PBXContainerItemProxy;
			containerPortal = 7D47CC9122FB88C700A4D96E /* Project object */;
			proxyType = 1;
			remoteGlobalIDString = 7D47CC9822FB88C700A4D96E;
			remoteInfo = Wilt;
		};
		7D47CCBC22FB88CA00A4D96E /* PBXContainerItemProxy */ = {
			isa = PBXContainerItemProxy;
			containerPortal = 7D47CC9122FB88C700A4D96E /* Project object */;
			proxyType = 1;
			remoteGlobalIDString = 7D47CC9822FB88C700A4D96E;
			remoteInfo = Wilt;
		};
/* End PBXContainerItemProxy section */

/* Begin PBXFileReference section */
		0822321D998B197FA7C63930 /* Pods-WiltTests.release.xcconfig */ = {isa = PBXFileReference; includeInIndex = 1; lastKnownFileType = text.xcconfig; name = "Pods-WiltTests.release.xcconfig"; path = "Target Support Files/Pods-WiltTests/Pods-WiltTests.release.xcconfig"; sourceTree = "<group>"; };
		2A13D14CF909B00402178AE0 /* Pods-WiltTests.debug.xcconfig */ = {isa = PBXFileReference; includeInIndex = 1; lastKnownFileType = text.xcconfig; name = "Pods-WiltTests.debug.xcconfig"; path = "Target Support Files/Pods-WiltTests/Pods-WiltTests.debug.xcconfig"; sourceTree = "<group>"; };
		36750E6BC8A0022B7B4C66F3 /* Pods-WiltUITests.debug.xcconfig */ = {isa = PBXFileReference; includeInIndex = 1; lastKnownFileType = text.xcconfig; name = "Pods-WiltUITests.debug.xcconfig"; path = "Target Support Files/Pods-WiltUITests/Pods-WiltUITests.debug.xcconfig"; sourceTree = "<group>"; };
		47CDEE7A0087C87FA953873A /* Pods_WiltTests.framework */ = {isa = PBXFileReference; explicitFileType = wrapper.framework; includeInIndex = 0; path = Pods_WiltTests.framework; sourceTree = BUILT_PRODUCTS_DIR; };
		7D233B2F2330472800EC95B6 /* ProfileViewModelTest.swift */ = {isa = PBXFileReference; lastKnownFileType = sourcecode.swift; path = ProfileViewModelTest.swift; sourceTree = "<group>"; };
		7D233B312330473200EC95B6 /* ProfileViewControllerTest.swift */ = {isa = PBXFileReference; lastKnownFileType = sourcecode.swift; path = ProfileViewControllerTest.swift; sourceTree = "<group>"; };
		7D233B33233109C800EC95B6 /* ProfileCache.swift */ = {isa = PBXFileReference; lastKnownFileType = sourcecode.swift; path = ProfileCache.swift; sourceTree = "<group>"; };
		7D233B35233226F300EC95B6 /* ProfileCacheTest.swift */ = {isa = PBXFileReference; lastKnownFileType = sourcecode.swift; path = ProfileCacheTest.swift; sourceTree = "<group>"; };
		7D233B37233384EE00EC95B6 /* SettingsViewController.swift */ = {isa = PBXFileReference; lastKnownFileType = sourcecode.swift; path = SettingsViewController.swift; sourceTree = "<group>"; };
		7D233B392334C6DF00EC95B6 /* SettingsViewControllerTest.swift */ = {isa = PBXFileReference; lastKnownFileType = sourcecode.swift; path = SettingsViewControllerTest.swift; sourceTree = "<group>"; };
		7D2AD5DF2490E4A100D28C62 /* SDImageTransformers.swift */ = {isa = PBXFileReference; lastKnownFileType = sourcecode.swift; path = SDImageTransformers.swift; sourceTree = "<group>"; };
		7D3088F1249DBB3400826E5D /* FakeOnboardingDelegate.swift */ = {isa = PBXFileReference; lastKnownFileType = sourcecode.swift; path = FakeOnboardingDelegate.swift; sourceTree = "<group>"; };
		7D47CC9922FB88C700A4D96E /* Wilt.app */ = {isa = PBXFileReference; explicitFileType = wrapper.application; includeInIndex = 0; path = Wilt.app; sourceTree = BUILT_PRODUCTS_DIR; };
		7D47CC9C22FB88C700A4D96E /* AppDelegate.swift */ = {isa = PBXFileReference; lastKnownFileType = sourcecode.swift; path = AppDelegate.swift; sourceTree = "<group>"; };
		7D47CCA422FB88C700A4D96E /* Wilt.xcdatamodel */ = {isa = PBXFileReference; lastKnownFileType = wrapper.xcdatamodel; path = Wilt.xcdatamodel; sourceTree = "<group>"; };
		7D47CCA622FB88C900A4D96E /* Assets.xcassets */ = {isa = PBXFileReference; lastKnownFileType = folder.assetcatalog; path = Assets.xcassets; sourceTree = "<group>"; };
		7D47CCA922FB88C900A4D96E /* Base */ = {isa = PBXFileReference; lastKnownFileType = file.storyboard; name = Base; path = Base.lproj/LaunchScreen.storyboard; sourceTree = "<group>"; };
		7D47CCAB22FB88C900A4D96E /* Info.plist */ = {isa = PBXFileReference; lastKnownFileType = text.plist.xml; path = Info.plist; sourceTree = "<group>"; };
		7D47CCB022FB88CA00A4D96E /* WiltTests.xctest */ = {isa = PBXFileReference; explicitFileType = wrapper.cfbundle; includeInIndex = 0; path = WiltTests.xctest; sourceTree = BUILT_PRODUCTS_DIR; };
		7D47CCB622FB88CA00A4D96E /* Info.plist */ = {isa = PBXFileReference; lastKnownFileType = text.plist.xml; path = Info.plist; sourceTree = "<group>"; };
		7D47CCBB22FB88CA00A4D96E /* WiltUITests.xctest */ = {isa = PBXFileReference; explicitFileType = wrapper.cfbundle; includeInIndex = 0; path = WiltUITests.xctest; sourceTree = BUILT_PRODUCTS_DIR; };
		7D47CCBF22FB88CA00A4D96E /* WiltUITests.swift */ = {isa = PBXFileReference; lastKnownFileType = sourcecode.swift; path = WiltUITests.swift; sourceTree = "<group>"; };
		7D47CCC122FB88CA00A4D96E /* Info.plist */ = {isa = PBXFileReference; lastKnownFileType = text.plist.xml; path = Info.plist; sourceTree = "<group>"; };
		7D5559B62456D24200EA07FE /* ArtistDetailViewController.swift */ = {isa = PBXFileReference; lastKnownFileType = sourcecode.swift; path = ArtistDetailViewController.swift; sourceTree = "<group>"; };
		7D5559B82456D35000EA07FE /* ArtistDetailViewModel.swift */ = {isa = PBXFileReference; lastKnownFileType = sourcecode.swift; path = ArtistDetailViewModel.swift; sourceTree = "<group>"; };
		7D5559BA24599AC800EA07FE /* ArtistDetailTitleCell.swift */ = {isa = PBXFileReference; lastKnownFileType = sourcecode.swift; path = ArtistDetailTitleCell.swift; sourceTree = "<group>"; };
		7D5559BD245AF29600EA07FE /* ArtistDetailViewModelTest.swift */ = {isa = PBXFileReference; lastKnownFileType = sourcecode.swift; path = ArtistDetailViewModelTest.swift; sourceTree = "<group>"; };
		7D5559BF245C449F00EA07FE /* ArtistDetailViewControllerTest.swift */ = {isa = PBXFileReference; lastKnownFileType = sourcecode.swift; path = ArtistDetailViewControllerTest.swift; sourceTree = "<group>"; };
		7D5559C324600E4700EA07FE /* ArtistActivityCache.swift */ = {isa = PBXFileReference; lastKnownFileType = sourcecode.swift; path = ArtistActivityCache.swift; sourceTree = "<group>"; };
		7D5559C52460243F00EA07FE /* ArtistActivityCacheTest.swift */ = {isa = PBXFileReference; lastKnownFileType = sourcecode.swift; path = ArtistActivityCacheTest.swift; sourceTree = "<group>"; };
		7D5559D424616FF600EA07FE /* HistoryViewController.swift */ = {isa = PBXFileReference; fileEncoding = 4; lastKnownFileType = sourcecode.swift; path = HistoryViewController.swift; sourceTree = "<group>"; };
		7D5559D524616FF600EA07FE /* HistoryViewModel.swift */ = {isa = PBXFileReference; fileEncoding = 4; lastKnownFileType = sourcecode.swift; path = HistoryViewModel.swift; sourceTree = "<group>"; };
		7D5559D82461779E00EA07FE /* TrackHistoryCell.swift */ = {isa = PBXFileReference; fileEncoding = 4; lastKnownFileType = sourcecode.swift; path = TrackHistoryCell.swift; sourceTree = "<group>"; };
		7D5559D92461779E00EA07FE /* TrackHistoryData.swift */ = {isa = PBXFileReference; fileEncoding = 4; lastKnownFileType = sourcecode.swift; path = TrackHistoryData.swift; sourceTree = "<group>"; };
		7D5559DC246177B000EA07FE /* TopArtistData.swift */ = {isa = PBXFileReference; fileEncoding = 4; lastKnownFileType = sourcecode.swift; path = TopArtistData.swift; sourceTree = "<group>"; };
		7D5559DD246177B000EA07FE /* TopArtistCell.swift */ = {isa = PBXFileReference; fileEncoding = 4; lastKnownFileType = sourcecode.swift; path = TopArtistCell.swift; sourceTree = "<group>"; };
		7D5559E024617B0300EA07FE /* TrackHistoryCache.swift */ = {isa = PBXFileReference; fileEncoding = 4; lastKnownFileType = sourcecode.swift; path = TrackHistoryCache.swift; sourceTree = "<group>"; };
		7D5559E124617B0300EA07FE /* TrackHistoryPager.swift */ = {isa = PBXFileReference; fileEncoding = 4; lastKnownFileType = sourcecode.swift; path = TrackHistoryPager.swift; sourceTree = "<group>"; };
		7D5A2AF6231A554D00B56000 /* LoggedInCoordinator.swift */ = {isa = PBXFileReference; lastKnownFileType = sourcecode.swift; path = LoggedInCoordinator.swift; sourceTree = "<group>"; };
		7D5A2AF8231A573800B56000 /* MainAppViewController.swift */ = {isa = PBXFileReference; lastKnownFileType = sourcecode.swift; path = MainAppViewController.swift; sourceTree = "<group>"; };
		7D5A2AFA231A5B1D00B56000 /* FeedViewController.swift */ = {isa = PBXFileReference; lastKnownFileType = sourcecode.swift; path = FeedViewController.swift; sourceTree = "<group>"; };
		7D5A2AFC231E687100B56000 /* PlayHistoryCache.swift */ = {isa = PBXFileReference; lastKnownFileType = sourcecode.swift; path = PlayHistoryCache.swift; sourceTree = "<group>"; };
		7D5A2AFE231E6C7600B56000 /* WiltDatabase.swift */ = {isa = PBXFileReference; lastKnownFileType = sourcecode.swift; path = WiltDatabase.swift; sourceTree = "<group>"; };
		7D5A2B022322682F00B56000 /* FeedViewControllerTest.swift */ = {isa = PBXFileReference; lastKnownFileType = sourcecode.swift; path = FeedViewControllerTest.swift; sourceTree = "<group>"; };
		7D5A2B04232371B400B56000 /* PlayHistoryPager.swift */ = {isa = PBXFileReference; lastKnownFileType = sourcecode.swift; path = PlayHistoryPager.swift; sourceTree = "<group>"; };
		7D5A2B0E2324C24B00B56000 /* FakePlayHistoryDao.swift */ = {isa = PBXFileReference; lastKnownFileType = sourcecode.swift; path = FakePlayHistoryDao.swift; sourceTree = "<group>"; };
		7D5A2B102324C25E00B56000 /* FakeWiltAPI.swift */ = {isa = PBXFileReference; lastKnownFileType = sourcecode.swift; path = FakeWiltAPI.swift; sourceTree = "<group>"; };
		7D5A2B142324E0FD00B56000 /* FeedViewModel.swift */ = {isa = PBXFileReference; fileEncoding = 4; lastKnownFileType = sourcecode.swift; path = FeedViewModel.swift; sourceTree = "<group>"; };
		7D5A2B162325169900B56000 /* FakeData.swift */ = {isa = PBXFileReference; lastKnownFileType = sourcecode.swift; path = FakeData.swift; sourceTree = "<group>"; };
		7D5A2B1A232A504600B56000 /* FeedViewModelTest.swift */ = {isa = PBXFileReference; lastKnownFileType = sourcecode.swift; path = FeedViewModelTest.swift; sourceTree = "<group>"; };
		7D5A2B1C232A719E00B56000 /* PlayHistoryPagerTest.swift */ = {isa = PBXFileReference; lastKnownFileType = sourcecode.swift; path = PlayHistoryPagerTest.swift; sourceTree = "<group>"; };
		7D5A2B1E232A71F700B56000 /* PlayHistoryCacheTest.swift */ = {isa = PBXFileReference; lastKnownFileType = sourcecode.swift; path = PlayHistoryCacheTest.swift; sourceTree = "<group>"; };
		7D849A0D24397EED003D5A53 /* ArtistSearchViewControllerTest.swift */ = {isa = PBXFileReference; lastKnownFileType = sourcecode.swift; path = ArtistSearchViewControllerTest.swift; sourceTree = "<group>"; };
		7D910C5D233CDA5B006B8D94 /* NetworkActivityUtil.swift */ = {isa = PBXFileReference; lastKnownFileType = sourcecode.swift; path = NetworkActivityUtil.swift; sourceTree = "<group>"; };
		7DA898B7232E002000204823 /* ProfileViewController.swift */ = {isa = PBXFileReference; lastKnownFileType = sourcecode.swift; path = ProfileViewController.swift; sourceTree = "<group>"; };
		7DA898B9232E02E500204823 /* ProfileViewModel.swift */ = {isa = PBXFileReference; lastKnownFileType = sourcecode.swift; path = ProfileViewModel.swift; sourceTree = "<group>"; };
		7DA898BB232E4C1300204823 /* ProfileCardView.swift */ = {isa = PBXFileReference; lastKnownFileType = sourcecode.swift; path = ProfileCardView.swift; sourceTree = "<group>"; };
		7DB158582307D7FE00F86A9E /* Coordinator.swift */ = {isa = PBXFileReference; fileEncoding = 4; lastKnownFileType = sourcecode.swift; path = Coordinator.swift; sourceTree = "<group>"; };
		7DB1585A2307D88200F86A9E /* OnboardingCoordinator.swift */ = {isa = PBXFileReference; lastKnownFileType = sourcecode.swift; path = OnboardingCoordinator.swift; sourceTree = "<group>"; };
		7DB1585E2307DA8200F86A9E /* OnboardingIntroViewController.swift */ = {isa = PBXFileReference; lastKnownFileType = sourcecode.swift; path = OnboardingIntroViewController.swift; sourceTree = "<group>"; };
		7DB158602309658100F86A9E /* OnboardingViewController.swift */ = {isa = PBXFileReference; lastKnownFileType = sourcecode.swift; path = OnboardingViewController.swift; sourceTree = "<group>"; };
		7DB15862230ABD8F00F86A9E /* OnboardingPage.swift */ = {isa = PBXFileReference; lastKnownFileType = sourcecode.swift; path = OnboardingPage.swift; sourceTree = "<group>"; };
		7DB15867230D6BEC00F86A9E /* en */ = {isa = PBXFileReference; lastKnownFileType = text.plist.strings; name = en; path = en.lproj/Localizable.strings; sourceTree = "<group>"; };
		7DB15869230D6C8600F86A9E /* Utils.swift */ = {isa = PBXFileReference; lastKnownFileType = sourcecode.swift; path = Utils.swift; sourceTree = "<group>"; };
		7DB1586B2310CC1C00F86A9E /* OnboardingViewControllerTest.swift */ = {isa = PBXFileReference; lastKnownFileType = sourcecode.swift; path = OnboardingViewControllerTest.swift; sourceTree = "<group>"; };
		7DB1586D23120AF600F86A9E /* WiltTests-Bridging-Header.h */ = {isa = PBXFileReference; lastKnownFileType = sourcecode.c.h; path = "WiltTests-Bridging-Header.h"; sourceTree = "<group>"; };
		7DB1586E23120F6F00F86A9E /* KIFUtil.swift */ = {isa = PBXFileReference; lastKnownFileType = sourcecode.swift; path = KIFUtil.swift; sourceTree = "<group>"; };
		7DB1587823129B5900F86A9E /* Wilt-Bridging-Header.h */ = {isa = PBXFileReference; lastKnownFileType = sourcecode.c.h; path = "Wilt-Bridging-Header.h"; sourceTree = "<group>"; };
		7DB1587B2313E33700F86A9E /* SpotifyAuthoriser.swift */ = {isa = PBXFileReference; lastKnownFileType = sourcecode.swift; path = SpotifyAuthoriser.swift; sourceTree = "<group>"; };
		7DB1587E2315EED700F86A9E /* OnboardingViewModelTest.swift */ = {isa = PBXFileReference; lastKnownFileType = sourcecode.swift; path = OnboardingViewModelTest.swift; sourceTree = "<group>"; };
		7DB1588023169D5E00F86A9E /* FirebaseAPI.swift */ = {isa = PBXFileReference; lastKnownFileType = sourcecode.swift; path = FirebaseAPI.swift; sourceTree = "<group>"; };
		7DB1588223169E0D00F86A9E /* GoogleService-Info.plist */ = {isa = PBXFileReference; fileEncoding = 4; lastKnownFileType = text.plist.xml; path = "GoogleService-Info.plist"; sourceTree = "<group>"; };
		7DB158842316A0D900F86A9E /* FirebaseAuthentication.swift */ = {isa = PBXFileReference; lastKnownFileType = sourcecode.swift; path = FirebaseAuthentication.swift; sourceTree = "<group>"; };
		7DB158862318808800F86A9E /* OnboardingViewModel.swift */ = {isa = PBXFileReference; lastKnownFileType = sourcecode.swift; path = OnboardingViewModel.swift; sourceTree = "<group>"; };
		7DB158882319575C00F86A9E /* OnboardingCoordinatorTest.swift */ = {isa = PBXFileReference; lastKnownFileType = sourcecode.swift; path = OnboardingCoordinatorTest.swift; sourceTree = "<group>"; };
		7DB1588B2319EDE300F86A9E /* FakeSpotifyAuthoriser.swift */ = {isa = PBXFileReference; lastKnownFileType = sourcecode.swift; path = FakeSpotifyAuthoriser.swift; sourceTree = "<group>"; };
		7DB1588D2319EDF000F86A9E /* FakeAuthenticator.swift */ = {isa = PBXFileReference; lastKnownFileType = sourcecode.swift; path = FakeAuthenticator.swift; sourceTree = "<group>"; };
		7DB1588F231A4E2200F86A9E /* FakeError.swift */ = {isa = PBXFileReference; lastKnownFileType = sourcecode.swift; path = FakeError.swift; sourceTree = "<group>"; };
		7DBF9C5623C1AB470064C345 /* SnapshotHelper.swift */ = {isa = PBXFileReference; lastKnownFileType = sourcecode.swift; name = SnapshotHelper.swift; path = fastlane/SnapshotHelper.swift; sourceTree = "<group>"; };
		7DD05B8323D03A880020EDD0 /* ArtistSearchViewController.swift */ = {isa = PBXFileReference; lastKnownFileType = sourcecode.swift; path = ArtistSearchViewController.swift; sourceTree = "<group>"; };
		7DD05B8523D03B950020EDD0 /* ArtistResultsTableViewController.swift */ = {isa = PBXFileReference; lastKnownFileType = sourcecode.swift; path = ArtistResultsTableViewController.swift; sourceTree = "<group>"; };
		7DD05B8723D04CB80020EDD0 /* ArtistSearchViewModel.swift */ = {isa = PBXFileReference; lastKnownFileType = sourcecode.swift; path = ArtistSearchViewModel.swift; sourceTree = "<group>"; };
		7DD05B8923D0547B0020EDD0 /* ArtistViewModel.swift */ = {isa = PBXFileReference; lastKnownFileType = sourcecode.swift; path = ArtistViewModel.swift; sourceTree = "<group>"; };
		7DD05B8B23D05C690020EDD0 /* SearchAPI.swift */ = {isa = PBXFileReference; lastKnownFileType = sourcecode.swift; path = SearchAPI.swift; sourceTree = "<group>"; };
		7DD05B8D23D1036B0020EDD0 /* SpotifyAPI.swift */ = {isa = PBXFileReference; lastKnownFileType = sourcecode.swift; path = SpotifyAPI.swift; sourceTree = "<group>"; };
		7DD05B9023D103F10020EDD0 /* SpotifyAPITest.swift */ = {isa = PBXFileReference; lastKnownFileType = sourcecode.swift; path = SpotifyAPITest.swift; sourceTree = "<group>"; };
		7DD05B9223D195820020EDD0 /* UISearchBar+Loading.swift */ = {isa = PBXFileReference; lastKnownFileType = sourcecode.swift; path = "UISearchBar+Loading.swift"; sourceTree = "<group>"; };
		7DD05B9423D2866B0020EDD0 /* ArtistSearchViewModelTest.swift */ = {isa = PBXFileReference; lastKnownFileType = sourcecode.swift; path = ArtistSearchViewModelTest.swift; sourceTree = "<group>"; };
		7DD05B9823D28FDD0020EDD0 /* FakeSearchAPI.swift */ = {isa = PBXFileReference; lastKnownFileType = sourcecode.swift; path = FakeSearchAPI.swift; sourceTree = "<group>"; };
		7DD05B9A23D2D9ED0020EDD0 /* ListenLaterNotifyingStore.swift */ = {isa = PBXFileReference; lastKnownFileType = sourcecode.swift; path = ListenLaterNotifyingStore.swift; sourceTree = "<group>"; };
		7DD271ED23C52CDB006B543F /* ListenLaterViewModel.swift */ = {isa = PBXFileReference; lastKnownFileType = sourcecode.swift; path = ListenLaterViewModel.swift; sourceTree = "<group>"; };
		7DD271EF23C53075006B543F /* ListenLaterStore.swift */ = {isa = PBXFileReference; lastKnownFileType = sourcecode.swift; path = ListenLaterStore.swift; sourceTree = "<group>"; };
		7DD271F223C5BBE7006B543F /* ListenLaterViewModelTest.swift */ = {isa = PBXFileReference; lastKnownFileType = sourcecode.swift; path = ListenLaterViewModelTest.swift; sourceTree = "<group>"; };
		7DD271F423C5BBF8006B543F /* ListenLaterStoreTest.swift */ = {isa = PBXFileReference; lastKnownFileType = sourcecode.swift; path = ListenLaterStoreTest.swift; sourceTree = "<group>"; };
		7DD271F623C5C7AE006B543F /* ListenLaterViewController.swift */ = {isa = PBXFileReference; lastKnownFileType = sourcecode.swift; path = ListenLaterViewController.swift; sourceTree = "<group>"; };
		7DD271F823C5DFB5006B543F /* ListenLaterArtistCell.swift */ = {isa = PBXFileReference; lastKnownFileType = sourcecode.swift; path = ListenLaterArtistCell.swift; sourceTree = "<group>"; };
		7DD271FA23C5E32E006B543F /* ListenLaterViewControllerTest.swift */ = {isa = PBXFileReference; lastKnownFileType = sourcecode.swift; path = ListenLaterViewControllerTest.swift; sourceTree = "<group>"; };
		7DD271FC23C67FFA006B543F /* FakeListenLaterDao.swift */ = {isa = PBXFileReference; lastKnownFileType = sourcecode.swift; path = FakeListenLaterDao.swift; sourceTree = "<group>"; };
		7DDF2B90246C0F3A002EBA42 /* TrackHistoryPagerTest.swift */ = {isa = PBXFileReference; fileEncoding = 4; lastKnownFileType = sourcecode.swift; path = TrackHistoryPagerTest.swift; sourceTree = "<group>"; };
		7DDF2B91246C0F3A002EBA42 /* HistoryViewModelTest.swift */ = {isa = PBXFileReference; fileEncoding = 4; lastKnownFileType = sourcecode.swift; path = HistoryViewModelTest.swift; sourceTree = "<group>"; };
		7DDF2B92246C0F3A002EBA42 /* HistoryViewControllerTest.swift */ = {isa = PBXFileReference; fileEncoding = 4; lastKnownFileType = sourcecode.swift; path = HistoryViewControllerTest.swift; sourceTree = "<group>"; };
		7DDF2B93246C0F3A002EBA42 /* TrackHistoryCacheTest.swift */ = {isa = PBXFileReference; fileEncoding = 4; lastKnownFileType = sourcecode.swift; path = TrackHistoryCacheTest.swift; sourceTree = "<group>"; };
		7DDF2B98246C1012002EBA42 /* FakeTrackHistoryDao.swift */ = {isa = PBXFileReference; lastKnownFileType = sourcecode.swift; path = FakeTrackHistoryDao.swift; sourceTree = "<group>"; };
		7DF84B5F22FE833A00E410B3 /* WiltAppCoordinator.swift */ = {isa = PBXFileReference; lastKnownFileType = sourcecode.swift; path = WiltAppCoordinator.swift; sourceTree = "<group>"; };
		9F080601268B05D76B57D93C /* Pods-WiltUITests.release.xcconfig */ = {isa = PBXFileReference; includeInIndex = 1; lastKnownFileType = text.xcconfig; name = "Pods-WiltUITests.release.xcconfig"; path = "Target Support Files/Pods-WiltUITests/Pods-WiltUITests.release.xcconfig"; sourceTree = "<group>"; };
		CC23487B05CFBECB94E2C7F1 /* Pods-Wilt.release.xcconfig */ = {isa = PBXFileReference; includeInIndex = 1; lastKnownFileType = text.xcconfig; name = "Pods-Wilt.release.xcconfig"; path = "Target Support Files/Pods-Wilt/Pods-Wilt.release.xcconfig"; sourceTree = "<group>"; };
		CF7207B04CB17C38F14DBEE6 /* Pods_Wilt.framework */ = {isa = PBXFileReference; explicitFileType = wrapper.framework; includeInIndex = 0; path = Pods_Wilt.framework; sourceTree = BUILT_PRODUCTS_DIR; };
		F91BD1972A71265ABBA4EDBC /* Pods-Wilt.debug.xcconfig */ = {isa = PBXFileReference; includeInIndex = 1; lastKnownFileType = text.xcconfig; name = "Pods-Wilt.debug.xcconfig"; path = "Target Support Files/Pods-Wilt/Pods-Wilt.debug.xcconfig"; sourceTree = "<group>"; };
		F98E2CB4B35C1468FA503776 /* Pods_WiltUITests.framework */ = {isa = PBXFileReference; explicitFileType = wrapper.framework; includeInIndex = 0; path = Pods_WiltUITests.framework; sourceTree = BUILT_PRODUCTS_DIR; };
/* End PBXFileReference section */

/* Begin PBXFrameworksBuildPhase section */
		7D47CC9622FB88C700A4D96E /* Frameworks */ = {
			isa = PBXFrameworksBuildPhase;
			buildActionMask = 2147483647;
			files = (
				A8853DE7A8B060739C6FFBCA /* Pods_Wilt.framework in Frameworks */,
			);
			runOnlyForDeploymentPostprocessing = 0;
		};
		7D47CCAD22FB88CA00A4D96E /* Frameworks */ = {
			isa = PBXFrameworksBuildPhase;
			buildActionMask = 2147483647;
			files = (
				D816F5BD3D530B4C2A84459D /* Pods_WiltTests.framework in Frameworks */,
			);
			runOnlyForDeploymentPostprocessing = 0;
		};
		7D47CCB822FB88CA00A4D96E /* Frameworks */ = {
			isa = PBXFrameworksBuildPhase;
			buildActionMask = 2147483647;
			files = (
				7D93CB216ED072AB454E149A /* Pods_WiltUITests.framework in Frameworks */,
			);
			runOnlyForDeploymentPostprocessing = 0;
		};
/* End PBXFrameworksBuildPhase section */

/* Begin PBXGroup section */
		5824BE061D8CC815295F58D7 /* Pods */ = {
			isa = PBXGroup;
			children = (
				F91BD1972A71265ABBA4EDBC /* Pods-Wilt.debug.xcconfig */,
				CC23487B05CFBECB94E2C7F1 /* Pods-Wilt.release.xcconfig */,
				2A13D14CF909B00402178AE0 /* Pods-WiltTests.debug.xcconfig */,
				0822321D998B197FA7C63930 /* Pods-WiltTests.release.xcconfig */,
				36750E6BC8A0022B7B4C66F3 /* Pods-WiltUITests.debug.xcconfig */,
				9F080601268B05D76B57D93C /* Pods-WiltUITests.release.xcconfig */,
			);
			path = Pods;
			sourceTree = "<group>";
		};
		7D233B2E2330470B00EC95B6 /* profile */ = {
			isa = PBXGroup;
			children = (
				7D233B35233226F300EC95B6 /* ProfileCacheTest.swift */,
				7D233B312330473200EC95B6 /* ProfileViewControllerTest.swift */,
				7D233B2F2330472800EC95B6 /* ProfileViewModelTest.swift */,
			);
			path = profile;
			sourceTree = "<group>";
		};
		7D47CC9022FB88C700A4D96E = {
			isa = PBXGroup;
			children = (
				7DBF9C5623C1AB470064C345 /* SnapshotHelper.swift */,
				7D47CC9B22FB88C700A4D96E /* Wilt */,
				7D47CCB322FB88CA00A4D96E /* WiltTests */,
				7D47CCBE22FB88CA00A4D96E /* WiltUITests */,
				7D47CC9A22FB88C700A4D96E /* Products */,
				5824BE061D8CC815295F58D7 /* Pods */,
				8CDDD52BF6B05C77A3C928C7 /* Frameworks */,
			);
			sourceTree = "<group>";
		};
		7D47CC9A22FB88C700A4D96E /* Products */ = {
			isa = PBXGroup;
			children = (
				7D47CC9922FB88C700A4D96E /* Wilt.app */,
				7D47CCB022FB88CA00A4D96E /* WiltTests.xctest */,
				7D47CCBB22FB88CA00A4D96E /* WiltUITests.xctest */,
			);
			name = Products;
			sourceTree = "<group>";
		};
		7D47CC9B22FB88C700A4D96E /* Wilt */ = {
			isa = PBXGroup;
			children = (
				7D47CC9C22FB88C700A4D96E /* AppDelegate.swift */,
				7DD05B8923D0547B0020EDD0 /* ArtistViewModel.swift */,
				7DB158582307D7FE00F86A9E /* Coordinator.swift */,
				7DB1588023169D5E00F86A9E /* FirebaseAPI.swift */,
				7D910C5D233CDA5B006B8D94 /* NetworkActivityUtil.swift */,
				7D5559B52456D1F700EA07FE /* artistdetail */,
				7D5A2B0C2324BEF700B56000 /* feed */,
				7D5559C72461618200EA07FE /* history */,
				7DD271EC23C52CB9006B543F /* listenlater */,
				7D809136232DFFE4006FE0FA /* profile */,
				7DB15891231A516F00F86A9E /* onboarding */,
				7DD05B8223D03A6D0020EDD0 /* search */,
				7D2AD5DF2490E4A100D28C62 /* SDImageTransformers.swift */,
				7D5A2AF6231A554D00B56000 /* LoggedInCoordinator.swift */,
				7D5A2AF8231A573800B56000 /* MainAppViewController.swift */,
				7D233B37233384EE00EC95B6 /* SettingsViewController.swift */,
				7DB15869230D6C8600F86A9E /* Utils.swift */,
				7DF84B5F22FE833A00E410B3 /* WiltAppCoordinator.swift */,
				7D5A2AFE231E6C7600B56000 /* WiltDatabase.swift */,
				7DB1587823129B5900F86A9E /* Wilt-Bridging-Header.h */,
				7DB1588223169E0D00F86A9E /* GoogleService-Info.plist */,
				7D47CCA622FB88C900A4D96E /* Assets.xcassets */,
				7D47CCA822FB88C900A4D96E /* LaunchScreen.storyboard */,
				7D47CCAB22FB88C900A4D96E /* Info.plist */,
				7D47CCA322FB88C700A4D96E /* Wilt.xcdatamodeld */,
				7DB15868230D6BEC00F86A9E /* Localizable.strings */,
			);
			path = Wilt;
			sourceTree = "<group>";
		};
		7D47CCB322FB88CA00A4D96E /* WiltTests */ = {
			isa = PBXGroup;
			children = (
				7D5559BC245AF10700EA07FE /* artistdetail */,
				7D5A2B0D2324C15A00B56000 /* feed */,
				7DDF2B8F246C0EF7002EBA42 /* history */,
				7DD271F123C5BBCB006B543F /* listenlater */,
				7DB1588A2319ED9900F86A9E /* mocks */,
				7D233B2E2330470B00EC95B6 /* profile */,
				7DB15892231A519400F86A9E /* onboarding */,
				7DD05B8F23D103D70020EDD0 /* search */,
				7DB1586E23120F6F00F86A9E /* KIFUtil.swift */,
				7D233B392334C6DF00EC95B6 /* SettingsViewControllerTest.swift */,
				7DB1586D23120AF600F86A9E /* WiltTests-Bridging-Header.h */,
				7D47CCB622FB88CA00A4D96E /* Info.plist */,
			);
			path = WiltTests;
			sourceTree = "<group>";
		};
		7D47CCBE22FB88CA00A4D96E /* WiltUITests */ = {
			isa = PBXGroup;
			children = (
				7D47CCBF22FB88CA00A4D96E /* WiltUITests.swift */,
				7D47CCC122FB88CA00A4D96E /* Info.plist */,
			);
			path = WiltUITests;
			sourceTree = "<group>";
		};
		7D5559B52456D1F700EA07FE /* artistdetail */ = {
			isa = PBXGroup;
			children = (
				7D5559C324600E4700EA07FE /* ArtistActivityCache.swift */,
				7D5559BA24599AC800EA07FE /* ArtistDetailTitleCell.swift */,
				7D5559B62456D24200EA07FE /* ArtistDetailViewController.swift */,
				7D5559B82456D35000EA07FE /* ArtistDetailViewModel.swift */,
			);
			path = artistdetail;
			sourceTree = "<group>";
		};
		7D5559BC245AF10700EA07FE /* artistdetail */ = {
			isa = PBXGroup;
			children = (
				7D5559C52460243F00EA07FE /* ArtistActivityCacheTest.swift */,
				7D5559BD245AF29600EA07FE /* ArtistDetailViewModelTest.swift */,
				7D5559BF245C449F00EA07FE /* ArtistDetailViewControllerTest.swift */,
			);
			path = artistdetail;
			sourceTree = "<group>";
		};
		7D5559C72461618200EA07FE /* history */ = {
			isa = PBXGroup;
			children = (
				7D5559D424616FF600EA07FE /* HistoryViewController.swift */,
				7D5559D524616FF600EA07FE /* HistoryViewModel.swift */,
				7D5559E024617B0300EA07FE /* TrackHistoryCache.swift */,
				7D5559D82461779E00EA07FE /* TrackHistoryCell.swift */,
				7D5559D92461779E00EA07FE /* TrackHistoryData.swift */,
				7D5559E124617B0300EA07FE /* TrackHistoryPager.swift */,
			);
			path = history;
			sourceTree = "<group>";
		};
		7D5A2B0C2324BEF700B56000 /* feed */ = {
			isa = PBXGroup;
			children = (
				7D5A2AFA231A5B1D00B56000 /* FeedViewController.swift */,
				7D5A2B142324E0FD00B56000 /* FeedViewModel.swift */,
				7D5A2AFC231E687100B56000 /* PlayHistoryCache.swift */,
				7D5A2B04232371B400B56000 /* PlayHistoryPager.swift */,
				7D5559DD246177B000EA07FE /* TopArtistCell.swift */,
				7D5559DC246177B000EA07FE /* TopArtistData.swift */,
			);
			path = feed;
			sourceTree = "<group>";
		};
		7D5A2B0D2324C15A00B56000 /* feed */ = {
			isa = PBXGroup;
			children = (
				7D5A2B022322682F00B56000 /* FeedViewControllerTest.swift */,
				7D5A2B1A232A504600B56000 /* FeedViewModelTest.swift */,
				7D5A2B1C232A719E00B56000 /* PlayHistoryPagerTest.swift */,
				7D5A2B1E232A71F700B56000 /* PlayHistoryCacheTest.swift */,
			);
			path = feed;
			sourceTree = "<group>";
		};
		7D809136232DFFE4006FE0FA /* profile */ = {
			isa = PBXGroup;
			children = (
				7D233B33233109C800EC95B6 /* ProfileCache.swift */,
				7DA898BB232E4C1300204823 /* ProfileCardView.swift */,
				7DA898B7232E002000204823 /* ProfileViewController.swift */,
				7DA898B9232E02E500204823 /* ProfileViewModel.swift */,
			);
			path = profile;
			sourceTree = "<group>";
		};
		7DB1588A2319ED9900F86A9E /* mocks */ = {
			isa = PBXGroup;
			children = (
				7DB1588D2319EDF000F86A9E /* FakeAuthenticator.swift */,
				7D5A2B162325169900B56000 /* FakeData.swift */,
				7DB1588F231A4E2200F86A9E /* FakeError.swift */,
				7DD271FC23C67FFA006B543F /* FakeListenLaterDao.swift */,
				7D5A2B0E2324C24B00B56000 /* FakePlayHistoryDao.swift */,
				7DD05B9823D28FDD0020EDD0 /* FakeSearchAPI.swift */,
				7DB1588B2319EDE300F86A9E /* FakeSpotifyAuthoriser.swift */,
				7DDF2B98246C1012002EBA42 /* FakeTrackHistoryDao.swift */,
				7D5A2B102324C25E00B56000 /* FakeWiltAPI.swift */,
			);
			path = mocks;
			sourceTree = "<group>";
		};
		7DB15891231A516F00F86A9E /* onboarding */ = {
			isa = PBXGroup;
			children = (
				7DB158842316A0D900F86A9E /* FirebaseAuthentication.swift */,
				7DB1587B2313E33700F86A9E /* SpotifyAuthoriser.swift */,
				7DB1585A2307D88200F86A9E /* OnboardingCoordinator.swift */,
				7DB1585E2307DA8200F86A9E /* OnboardingIntroViewController.swift */,
				7DB15862230ABD8F00F86A9E /* OnboardingPage.swift */,
				7DB158602309658100F86A9E /* OnboardingViewController.swift */,
				7DB158862318808800F86A9E /* OnboardingViewModel.swift */,
			);
			path = onboarding;
			sourceTree = "<group>";
		};
		7DB15892231A519400F86A9E /* onboarding */ = {
			isa = PBXGroup;
			children = (
				7DB1586B2310CC1C00F86A9E /* OnboardingViewControllerTest.swift */,
				7DB1587E2315EED700F86A9E /* OnboardingViewModelTest.swift */,
				7DB158882319575C00F86A9E /* OnboardingCoordinatorTest.swift */,
				7D3088F1249DBB3400826E5D /* FakeOnboardingDelegate.swift */,
			);
			path = onboarding;
			sourceTree = "<group>";
		};
		7DD05B8223D03A6D0020EDD0 /* search */ = {
			isa = PBXGroup;
			children = (
				7DD05B8523D03B950020EDD0 /* ArtistResultsTableViewController.swift */,
				7DD05B8323D03A880020EDD0 /* ArtistSearchViewController.swift */,
				7DD05B8723D04CB80020EDD0 /* ArtistSearchViewModel.swift */,
				7DD05B8B23D05C690020EDD0 /* SearchAPI.swift */,
				7DD05B8D23D1036B0020EDD0 /* SpotifyAPI.swift */,
				7DD05B9223D195820020EDD0 /* UISearchBar+Loading.swift */,
			);
			path = search;
			sourceTree = "<group>";
		};
		7DD05B8F23D103D70020EDD0 /* search */ = {
			isa = PBXGroup;
			children = (
				7D849A0D24397EED003D5A53 /* ArtistSearchViewControllerTest.swift */,
				7DD05B9423D2866B0020EDD0 /* ArtistSearchViewModelTest.swift */,
				7DD05B9023D103F10020EDD0 /* SpotifyAPITest.swift */,
			);
			path = search;
			sourceTree = "<group>";
		};
		7DD271EC23C52CB9006B543F /* listenlater */ = {
			isa = PBXGroup;
			children = (
				7DD271F823C5DFB5006B543F /* ListenLaterArtistCell.swift */,
				7DD271F623C5C7AE006B543F /* ListenLaterViewController.swift */,
				7DD271ED23C52CDB006B543F /* ListenLaterViewModel.swift */,
				7DD05B9A23D2D9ED0020EDD0 /* ListenLaterNotifyingStore.swift */,
				7DD271EF23C53075006B543F /* ListenLaterStore.swift */,
			);
			path = listenlater;
			sourceTree = "<group>";
		};
		7DD271F123C5BBCB006B543F /* listenlater */ = {
			isa = PBXGroup;
			children = (
				7DD271F423C5BBF8006B543F /* ListenLaterStoreTest.swift */,
				7DD271FA23C5E32E006B543F /* ListenLaterViewControllerTest.swift */,
				7DD271F223C5BBE7006B543F /* ListenLaterViewModelTest.swift */,
			);
			path = listenlater;
			sourceTree = "<group>";
		};
		7DDF2B8F246C0EF7002EBA42 /* history */ = {
			isa = PBXGroup;
			children = (
				7DDF2B92246C0F3A002EBA42 /* HistoryViewControllerTest.swift */,
				7DDF2B91246C0F3A002EBA42 /* HistoryViewModelTest.swift */,
				7DDF2B93246C0F3A002EBA42 /* TrackHistoryCacheTest.swift */,
				7DDF2B90246C0F3A002EBA42 /* TrackHistoryPagerTest.swift */,
			);
			path = history;
			sourceTree = "<group>";
		};
		8CDDD52BF6B05C77A3C928C7 /* Frameworks */ = {
			isa = PBXGroup;
			children = (
				CF7207B04CB17C38F14DBEE6 /* Pods_Wilt.framework */,
				47CDEE7A0087C87FA953873A /* Pods_WiltTests.framework */,
				F98E2CB4B35C1468FA503776 /* Pods_WiltUITests.framework */,
			);
			name = Frameworks;
			sourceTree = "<group>";
		};
/* End PBXGroup section */

/* Begin PBXNativeTarget section */
		7D47CC9822FB88C700A4D96E /* Wilt */ = {
			isa = PBXNativeTarget;
			buildConfigurationList = 7D47CCC422FB88CA00A4D96E /* Build configuration list for PBXNativeTarget "Wilt" */;
			buildPhases = (
				CE6493765578C3A17478952C /* [CP] Check Pods Manifest.lock */,
				7D47CC9522FB88C700A4D96E /* Sources */,
				7D47CC9622FB88C700A4D96E /* Frameworks */,
				7D47CC9722FB88C700A4D96E /* Resources */,
				4E696E12244AAAA5A7749E68 /* [CP] Embed Pods Frameworks */,
			);
			buildRules = (
			);
			dependencies = (
			);
			name = Wilt;
			productName = Wilt;
			productReference = 7D47CC9922FB88C700A4D96E /* Wilt.app */;
			productType = "com.apple.product-type.application";
		};
		7D47CCAF22FB88CA00A4D96E /* WiltTests */ = {
			isa = PBXNativeTarget;
			buildConfigurationList = 7D47CCC722FB88CA00A4D96E /* Build configuration list for PBXNativeTarget "WiltTests" */;
			buildPhases = (
				451925B6AF66A208C682BBF3 /* [CP] Check Pods Manifest.lock */,
				7D47CCAC22FB88CA00A4D96E /* Sources */,
				7D47CCAD22FB88CA00A4D96E /* Frameworks */,
				7D47CCAE22FB88CA00A4D96E /* Resources */,
				9DA2B6C9ED929D8E5E1937D8 /* [CP] Embed Pods Frameworks */,
			);
			buildRules = (
			);
			dependencies = (
				7D47CCB222FB88CA00A4D96E /* PBXTargetDependency */,
			);
			name = WiltTests;
			productName = WiltTests;
			productReference = 7D47CCB022FB88CA00A4D96E /* WiltTests.xctest */;
			productType = "com.apple.product-type.bundle.unit-test";
		};
		7D47CCBA22FB88CA00A4D96E /* WiltUITests */ = {
			isa = PBXNativeTarget;
			buildConfigurationList = 7D47CCCA22FB88CA00A4D96E /* Build configuration list for PBXNativeTarget "WiltUITests" */;
			buildPhases = (
				7EADFF9336A894EE13A70E84 /* [CP] Check Pods Manifest.lock */,
				7D47CCB722FB88CA00A4D96E /* Sources */,
				7D47CCB822FB88CA00A4D96E /* Frameworks */,
				7D47CCB922FB88CA00A4D96E /* Resources */,
				21A7DCA2B218E79382F6830E /* [CP] Embed Pods Frameworks */,
			);
			buildRules = (
			);
			dependencies = (
				7D47CCBD22FB88CA00A4D96E /* PBXTargetDependency */,
			);
			name = WiltUITests;
			productName = WiltUITests;
			productReference = 7D47CCBB22FB88CA00A4D96E /* WiltUITests.xctest */;
			productType = "com.apple.product-type.bundle.ui-testing";
		};
/* End PBXNativeTarget section */

/* Begin PBXProject section */
		7D47CC9122FB88C700A4D96E /* Project object */ = {
			isa = PBXProject;
			attributes = {
				LastSwiftUpdateCheck = 1030;
				LastUpgradeCheck = 1130;
				ORGANIZATIONNAME = "Oliver ONeill";
				TargetAttributes = {
					7D47CC9822FB88C700A4D96E = {
						CreatedOnToolsVersion = 10.3;
					};
					7D47CCAF22FB88CA00A4D96E = {
						CreatedOnToolsVersion = 10.3;
						LastSwiftMigration = 1030;
						TestTargetID = 7D47CC9822FB88C700A4D96E;
					};
					7D47CCBA22FB88CA00A4D96E = {
						CreatedOnToolsVersion = 10.3;
						TestTargetID = 7D47CC9822FB88C700A4D96E;
					};
				};
			};
			buildConfigurationList = 7D47CC9422FB88C700A4D96E /* Build configuration list for PBXProject "Wilt" */;
			compatibilityVersion = "Xcode 9.3";
			developmentRegion = en;
			hasScannedForEncodings = 0;
			knownRegions = (
				en,
				Base,
			);
			mainGroup = 7D47CC9022FB88C700A4D96E;
			productRefGroup = 7D47CC9A22FB88C700A4D96E /* Products */;
			projectDirPath = "";
			projectRoot = "";
			targets = (
				7D47CC9822FB88C700A4D96E /* Wilt */,
				7D47CCAF22FB88CA00A4D96E /* WiltTests */,
				7D47CCBA22FB88CA00A4D96E /* WiltUITests */,
			);
		};
/* End PBXProject section */

/* Begin PBXResourcesBuildPhase section */
		7D47CC9722FB88C700A4D96E /* Resources */ = {
			isa = PBXResourcesBuildPhase;
			buildActionMask = 2147483647;
			files = (
				7D47CCAA22FB88C900A4D96E /* LaunchScreen.storyboard in Resources */,
				7DB1588323169E0D00F86A9E /* GoogleService-Info.plist in Resources */,
				7DB15866230D6BEC00F86A9E /* Localizable.strings in Resources */,
				7D47CCA722FB88C900A4D96E /* Assets.xcassets in Resources */,
			);
			runOnlyForDeploymentPostprocessing = 0;
		};
		7D47CCAE22FB88CA00A4D96E /* Resources */ = {
			isa = PBXResourcesBuildPhase;
			buildActionMask = 2147483647;
			files = (
			);
			runOnlyForDeploymentPostprocessing = 0;
		};
		7D47CCB922FB88CA00A4D96E /* Resources */ = {
			isa = PBXResourcesBuildPhase;
			buildActionMask = 2147483647;
			files = (
			);
			runOnlyForDeploymentPostprocessing = 0;
		};
/* End PBXResourcesBuildPhase section */

/* Begin PBXShellScriptBuildPhase section */
		21A7DCA2B218E79382F6830E /* [CP] Embed Pods Frameworks */ = {
			isa = PBXShellScriptBuildPhase;
			buildActionMask = 2147483647;
			files = (
			);
			inputFileListPaths = (
			);
			inputPaths = (
				"${PODS_ROOT}/Target Support Files/Pods-WiltUITests/Pods-WiltUITests-frameworks.sh",
				"${BUILT_PRODUCTS_DIR}/Charts/Charts.framework",
				"${BUILT_PRODUCTS_DIR}/GTMSessionFetcher/GTMSessionFetcher.framework",
				"${BUILT_PRODUCTS_DIR}/GoogleUtilities/GoogleUtilities.framework",
				"${BUILT_PRODUCTS_DIR}/Keys/Keys.framework",
				"${BUILT_PRODUCTS_DIR}/MDFInternationalization/MDFInternationalization.framework",
				"${BUILT_PRODUCTS_DIR}/MDFTextAccessibility/MDFTextAccessibility.framework",
				"${BUILT_PRODUCTS_DIR}/MaterialComponents/MaterialComponents.framework",
				"${BUILT_PRODUCTS_DIR}/PromisesObjC/FBLPromises.framework",
				"${BUILT_PRODUCTS_DIR}/SDWebImage/SDWebImage.framework",
				"${BUILT_PRODUCTS_DIR}/Shimmer/Shimmer.framework",
				"${BUILT_PRODUCTS_DIR}/SpotifyLogin/SpotifyLogin.framework",
				"${BUILT_PRODUCTS_DIR}/SwiftDate/SwiftDate.framework",
				"${BUILT_PRODUCTS_DIR}/SwiftIcons/SwiftIcons.framework",
				"${BUILT_PRODUCTS_DIR}/nanopb/nanopb.framework",
			);
			name = "[CP] Embed Pods Frameworks";
			outputFileListPaths = (
			);
			outputPaths = (
				"${TARGET_BUILD_DIR}/${FRAMEWORKS_FOLDER_PATH}/Charts.framework",
				"${TARGET_BUILD_DIR}/${FRAMEWORKS_FOLDER_PATH}/GTMSessionFetcher.framework",
				"${TARGET_BUILD_DIR}/${FRAMEWORKS_FOLDER_PATH}/GoogleUtilities.framework",
				"${TARGET_BUILD_DIR}/${FRAMEWORKS_FOLDER_PATH}/Keys.framework",
				"${TARGET_BUILD_DIR}/${FRAMEWORKS_FOLDER_PATH}/MDFInternationalization.framework",
				"${TARGET_BUILD_DIR}/${FRAMEWORKS_FOLDER_PATH}/MDFTextAccessibility.framework",
				"${TARGET_BUILD_DIR}/${FRAMEWORKS_FOLDER_PATH}/MaterialComponents.framework",
				"${TARGET_BUILD_DIR}/${FRAMEWORKS_FOLDER_PATH}/FBLPromises.framework",
				"${TARGET_BUILD_DIR}/${FRAMEWORKS_FOLDER_PATH}/SDWebImage.framework",
				"${TARGET_BUILD_DIR}/${FRAMEWORKS_FOLDER_PATH}/Shimmer.framework",
				"${TARGET_BUILD_DIR}/${FRAMEWORKS_FOLDER_PATH}/SpotifyLogin.framework",
				"${TARGET_BUILD_DIR}/${FRAMEWORKS_FOLDER_PATH}/SwiftDate.framework",
				"${TARGET_BUILD_DIR}/${FRAMEWORKS_FOLDER_PATH}/SwiftIcons.framework",
				"${TARGET_BUILD_DIR}/${FRAMEWORKS_FOLDER_PATH}/nanopb.framework",
			);
			runOnlyForDeploymentPostprocessing = 0;
			shellPath = /bin/sh;
			shellScript = "\"${PODS_ROOT}/Target Support Files/Pods-WiltUITests/Pods-WiltUITests-frameworks.sh\"\n";
			showEnvVarsInLog = 0;
		};
		451925B6AF66A208C682BBF3 /* [CP] Check Pods Manifest.lock */ = {
			isa = PBXShellScriptBuildPhase;
			buildActionMask = 2147483647;
			files = (
			);
			inputFileListPaths = (
			);
			inputPaths = (
				"${PODS_PODFILE_DIR_PATH}/Podfile.lock",
				"${PODS_ROOT}/Manifest.lock",
			);
			name = "[CP] Check Pods Manifest.lock";
			outputFileListPaths = (
			);
			outputPaths = (
				"$(DERIVED_FILE_DIR)/Pods-WiltTests-checkManifestLockResult.txt",
			);
			runOnlyForDeploymentPostprocessing = 0;
			shellPath = /bin/sh;
			shellScript = "diff \"${PODS_PODFILE_DIR_PATH}/Podfile.lock\" \"${PODS_ROOT}/Manifest.lock\" > /dev/null\nif [ $? != 0 ] ; then\n    # print error to STDERR\n    echo \"error: The sandbox is not in sync with the Podfile.lock. Run 'pod install' or update your CocoaPods installation.\" >&2\n    exit 1\nfi\n# This output is used by Xcode 'outputs' to avoid re-running this script phase.\necho \"SUCCESS\" > \"${SCRIPT_OUTPUT_FILE_0}\"\n";
			showEnvVarsInLog = 0;
		};
		4E696E12244AAAA5A7749E68 /* [CP] Embed Pods Frameworks */ = {
			isa = PBXShellScriptBuildPhase;
			buildActionMask = 2147483647;
			files = (
			);
			inputFileListPaths = (
			);
			inputPaths = (
				"${PODS_ROOT}/Target Support Files/Pods-Wilt/Pods-Wilt-frameworks.sh",
				"${BUILT_PRODUCTS_DIR}/Charts/Charts.framework",
				"${BUILT_PRODUCTS_DIR}/GTMSessionFetcher/GTMSessionFetcher.framework",
				"${BUILT_PRODUCTS_DIR}/GoogleUtilities/GoogleUtilities.framework",
				"${BUILT_PRODUCTS_DIR}/Keys/Keys.framework",
				"${BUILT_PRODUCTS_DIR}/MDFInternationalization/MDFInternationalization.framework",
				"${BUILT_PRODUCTS_DIR}/MDFTextAccessibility/MDFTextAccessibility.framework",
				"${BUILT_PRODUCTS_DIR}/MaterialComponents/MaterialComponents.framework",
				"${BUILT_PRODUCTS_DIR}/PromisesObjC/FBLPromises.framework",
				"${BUILT_PRODUCTS_DIR}/SDWebImage/SDWebImage.framework",
				"${BUILT_PRODUCTS_DIR}/Shimmer/Shimmer.framework",
				"${BUILT_PRODUCTS_DIR}/SpotifyLogin/SpotifyLogin.framework",
				"${BUILT_PRODUCTS_DIR}/SwiftDate/SwiftDate.framework",
				"${BUILT_PRODUCTS_DIR}/SwiftIcons/SwiftIcons.framework",
				"${BUILT_PRODUCTS_DIR}/nanopb/nanopb.framework",
			);
			name = "[CP] Embed Pods Frameworks";
			outputFileListPaths = (
			);
			outputPaths = (
				"${TARGET_BUILD_DIR}/${FRAMEWORKS_FOLDER_PATH}/Charts.framework",
				"${TARGET_BUILD_DIR}/${FRAMEWORKS_FOLDER_PATH}/GTMSessionFetcher.framework",
				"${TARGET_BUILD_DIR}/${FRAMEWORKS_FOLDER_PATH}/GoogleUtilities.framework",
				"${TARGET_BUILD_DIR}/${FRAMEWORKS_FOLDER_PATH}/Keys.framework",
				"${TARGET_BUILD_DIR}/${FRAMEWORKS_FOLDER_PATH}/MDFInternationalization.framework",
				"${TARGET_BUILD_DIR}/${FRAMEWORKS_FOLDER_PATH}/MDFTextAccessibility.framework",
				"${TARGET_BUILD_DIR}/${FRAMEWORKS_FOLDER_PATH}/MaterialComponents.framework",
				"${TARGET_BUILD_DIR}/${FRAMEWORKS_FOLDER_PATH}/FBLPromises.framework",
				"${TARGET_BUILD_DIR}/${FRAMEWORKS_FOLDER_PATH}/SDWebImage.framework",
				"${TARGET_BUILD_DIR}/${FRAMEWORKS_FOLDER_PATH}/Shimmer.framework",
				"${TARGET_BUILD_DIR}/${FRAMEWORKS_FOLDER_PATH}/SpotifyLogin.framework",
				"${TARGET_BUILD_DIR}/${FRAMEWORKS_FOLDER_PATH}/SwiftDate.framework",
				"${TARGET_BUILD_DIR}/${FRAMEWORKS_FOLDER_PATH}/SwiftIcons.framework",
				"${TARGET_BUILD_DIR}/${FRAMEWORKS_FOLDER_PATH}/nanopb.framework",
			);
			runOnlyForDeploymentPostprocessing = 0;
			shellPath = /bin/sh;
			shellScript = "\"${PODS_ROOT}/Target Support Files/Pods-Wilt/Pods-Wilt-frameworks.sh\"\n";
			showEnvVarsInLog = 0;
		};
		7EADFF9336A894EE13A70E84 /* [CP] Check Pods Manifest.lock */ = {
			isa = PBXShellScriptBuildPhase;
			buildActionMask = 2147483647;
			files = (
			);
			inputFileListPaths = (
			);
			inputPaths = (
				"${PODS_PODFILE_DIR_PATH}/Podfile.lock",
				"${PODS_ROOT}/Manifest.lock",
			);
			name = "[CP] Check Pods Manifest.lock";
			outputFileListPaths = (
			);
			outputPaths = (
				"$(DERIVED_FILE_DIR)/Pods-WiltUITests-checkManifestLockResult.txt",
			);
			runOnlyForDeploymentPostprocessing = 0;
			shellPath = /bin/sh;
			shellScript = "diff \"${PODS_PODFILE_DIR_PATH}/Podfile.lock\" \"${PODS_ROOT}/Manifest.lock\" > /dev/null\nif [ $? != 0 ] ; then\n    # print error to STDERR\n    echo \"error: The sandbox is not in sync with the Podfile.lock. Run 'pod install' or update your CocoaPods installation.\" >&2\n    exit 1\nfi\n# This output is used by Xcode 'outputs' to avoid re-running this script phase.\necho \"SUCCESS\" > \"${SCRIPT_OUTPUT_FILE_0}\"\n";
			showEnvVarsInLog = 0;
		};
		9DA2B6C9ED929D8E5E1937D8 /* [CP] Embed Pods Frameworks */ = {
			isa = PBXShellScriptBuildPhase;
			buildActionMask = 2147483647;
			files = (
			);
			inputFileListPaths = (
			);
			inputPaths = (
				"${PODS_ROOT}/Target Support Files/Pods-WiltTests/Pods-WiltTests-frameworks.sh",
				"${BUILT_PRODUCTS_DIR}/KIF/KIF.framework",
				"${BUILT_PRODUCTS_DIR}/Nimble/Nimble.framework",
				"${BUILT_PRODUCTS_DIR}/Nimble-Snapshots/Nimble_Snapshots.framework",
				"${BUILT_PRODUCTS_DIR}/iOSSnapshotTestCase/FBSnapshotTestCase.framework",
			);
			name = "[CP] Embed Pods Frameworks";
			outputFileListPaths = (
			);
			outputPaths = (
				"${TARGET_BUILD_DIR}/${FRAMEWORKS_FOLDER_PATH}/KIF.framework",
				"${TARGET_BUILD_DIR}/${FRAMEWORKS_FOLDER_PATH}/Nimble.framework",
				"${TARGET_BUILD_DIR}/${FRAMEWORKS_FOLDER_PATH}/Nimble_Snapshots.framework",
				"${TARGET_BUILD_DIR}/${FRAMEWORKS_FOLDER_PATH}/FBSnapshotTestCase.framework",
			);
			runOnlyForDeploymentPostprocessing = 0;
			shellPath = /bin/sh;
			shellScript = "\"${PODS_ROOT}/Target Support Files/Pods-WiltTests/Pods-WiltTests-frameworks.sh\"\n";
			showEnvVarsInLog = 0;
		};
		CE6493765578C3A17478952C /* [CP] Check Pods Manifest.lock */ = {
			isa = PBXShellScriptBuildPhase;
			buildActionMask = 2147483647;
			files = (
			);
			inputFileListPaths = (
			);
			inputPaths = (
				"${PODS_PODFILE_DIR_PATH}/Podfile.lock",
				"${PODS_ROOT}/Manifest.lock",
			);
			name = "[CP] Check Pods Manifest.lock";
			outputFileListPaths = (
			);
			outputPaths = (
				"$(DERIVED_FILE_DIR)/Pods-Wilt-checkManifestLockResult.txt",
			);
			runOnlyForDeploymentPostprocessing = 0;
			shellPath = /bin/sh;
			shellScript = "diff \"${PODS_PODFILE_DIR_PATH}/Podfile.lock\" \"${PODS_ROOT}/Manifest.lock\" > /dev/null\nif [ $? != 0 ] ; then\n    # print error to STDERR\n    echo \"error: The sandbox is not in sync with the Podfile.lock. Run 'pod install' or update your CocoaPods installation.\" >&2\n    exit 1\nfi\n# This output is used by Xcode 'outputs' to avoid re-running this script phase.\necho \"SUCCESS\" > \"${SCRIPT_OUTPUT_FILE_0}\"\n";
			showEnvVarsInLog = 0;
		};
/* End PBXShellScriptBuildPhase section */

/* Begin PBXSourcesBuildPhase section */
		7D47CC9522FB88C700A4D96E /* Sources */ = {
			isa = PBXSourcesBuildPhase;
			buildActionMask = 2147483647;
			files = (
				7D5A2B05232371B400B56000 /* PlayHistoryPager.swift in Sources */,
				7D5559DE246177B100EA07FE /* TopArtistData.swift in Sources */,
				7DF84B6022FE833A00E410B3 /* WiltAppCoordinator.swift in Sources */,
				7DB158592307D7FE00F86A9E /* Coordinator.swift in Sources */,
				7DD05B9323D195820020EDD0 /* UISearchBar+Loading.swift in Sources */,
				7DB1586A230D6C8700F86A9E /* Utils.swift in Sources */,
				7DD271EE23C52CDB006B543F /* ListenLaterViewModel.swift in Sources */,
				7D2AD5E02490E4A100D28C62 /* SDImageTransformers.swift in Sources */,
				7DA898BC232E4C1300204823 /* ProfileCardView.swift in Sources */,
				7DD05B8623D03B950020EDD0 /* ArtistResultsTableViewController.swift in Sources */,
				7D5559D724616FF600EA07FE /* HistoryViewModel.swift in Sources */,
				7D5A2B152324E0FD00B56000 /* FeedViewModel.swift in Sources */,
				7DD05B8823D04CB80020EDD0 /* ArtistSearchViewModel.swift in Sources */,
				7DD05B8C23D05C690020EDD0 /* SearchAPI.swift in Sources */,
				7D5559C424600E4700EA07FE /* ArtistActivityCache.swift in Sources */,
				7D5559D624616FF600EA07FE /* HistoryViewController.swift in Sources */,
				7D5559B92456D35000EA07FE /* ArtistDetailViewModel.swift in Sources */,
				7DA898BA232E02E500204823 /* ProfileViewModel.swift in Sources */,
				7D5A2AF7231A554D00B56000 /* LoggedInCoordinator.swift in Sources */,
				7DD05B8423D03A880020EDD0 /* ArtistSearchViewController.swift in Sources */,
				7D5A2AF9231A573800B56000 /* MainAppViewController.swift in Sources */,
				7DB158612309658100F86A9E /* OnboardingViewController.swift in Sources */,
				7D5A2AFB231A5B1D00B56000 /* FeedViewController.swift in Sources */,
				7DB1585B2307D88200F86A9E /* OnboardingCoordinator.swift in Sources */,
				7DD271F023C53075006B543F /* ListenLaterStore.swift in Sources */,
				7D5559B72456D24200EA07FE /* ArtistDetailViewController.swift in Sources */,
				7DD05B9B23D2D9EF0020EDD0 /* ListenLaterNotifyingStore.swift in Sources */,
				7DB1585F2307DA8200F86A9E /* OnboardingIntroViewController.swift in Sources */,
				7DB1587C2313E33700F86A9E /* SpotifyAuthoriser.swift in Sources */,
				7DB158872318808800F86A9E /* OnboardingViewModel.swift in Sources */,
				7D910C5E233CDA5B006B8D94 /* NetworkActivityUtil.swift in Sources */,
				7DD271F923C5DFB5006B543F /* ListenLaterArtistCell.swift in Sources */,
				7DA898B8232E002000204823 /* ProfileViewController.swift in Sources */,
				7D5559DF246177B100EA07FE /* TopArtistCell.swift in Sources */,
				7D5559E224617B0300EA07FE /* TrackHistoryCache.swift in Sources */,
				7D233B34233109C800EC95B6 /* ProfileCache.swift in Sources */,
				7D5559DB2461779E00EA07FE /* TrackHistoryData.swift in Sources */,
				7D47CC9D22FB88C700A4D96E /* AppDelegate.swift in Sources */,
				7DD05B8A23D0547B0020EDD0 /* ArtistViewModel.swift in Sources */,
				7D5559DA2461779E00EA07FE /* TrackHistoryCell.swift in Sources */,
				7DD05B8E23D1036B0020EDD0 /* SpotifyAPI.swift in Sources */,
				7DB158852316A0D900F86A9E /* FirebaseAuthentication.swift in Sources */,
				7DB15863230ABD8F00F86A9E /* OnboardingPage.swift in Sources */,
				7D5559E324617B0300EA07FE /* TrackHistoryPager.swift in Sources */,
				7D5559BB24599AC800EA07FE /* ArtistDetailTitleCell.swift in Sources */,
				7D5A2AFF231E6C7600B56000 /* WiltDatabase.swift in Sources */,
				7DD271F723C5C7AE006B543F /* ListenLaterViewController.swift in Sources */,
				7D47CCA522FB88C700A4D96E /* Wilt.xcdatamodeld in Sources */,
				7DB1588123169D5E00F86A9E /* FirebaseAPI.swift in Sources */,
				7D5A2AFD231E687100B56000 /* PlayHistoryCache.swift in Sources */,
				7D233B38233384EE00EC95B6 /* SettingsViewController.swift in Sources */,
			);
			runOnlyForDeploymentPostprocessing = 0;
		};
		7D47CCAC22FB88CA00A4D96E /* Sources */ = {
			isa = PBXSourcesBuildPhase;
			buildActionMask = 2147483647;
			files = (
				7D5A2B1B232A504600B56000 /* FeedViewModelTest.swift in Sources */,
				7D5A2B112324C25E00B56000 /* FakeWiltAPI.swift in Sources */,
				7D233B322330473200EC95B6 /* ProfileViewControllerTest.swift in Sources */,
				7DB1586F23120F6F00F86A9E /* KIFUtil.swift in Sources */,
				7D5A2B0F2324C24B00B56000 /* FakePlayHistoryDao.swift in Sources */,
				7DDF2B97246C0F3A002EBA42 /* TrackHistoryCacheTest.swift in Sources */,
				7DDF2B99246C1012002EBA42 /* FakeTrackHistoryDao.swift in Sources */,
				7DDF2B94246C0F3A002EBA42 /* TrackHistoryPagerTest.swift in Sources */,
				7D5A2B1F232A71F700B56000 /* PlayHistoryCacheTest.swift in Sources */,
				7D5559C0245C449F00EA07FE /* ArtistDetailViewControllerTest.swift in Sources */,
				7DDF2B96246C0F3A002EBA42 /* HistoryViewControllerTest.swift in Sources */,
				7DD05B9923D28FDD0020EDD0 /* FakeSearchAPI.swift in Sources */,
				7DD271F323C5BBE7006B543F /* ListenLaterViewModelTest.swift in Sources */,
				7D849A0E24397EED003D5A53 /* ArtistSearchViewControllerTest.swift in Sources */,
				7DD05B9523D2866B0020EDD0 /* ArtistSearchViewModelTest.swift in Sources */,
				7DB1586C2310CC1C00F86A9E /* OnboardingViewControllerTest.swift in Sources */,
				7D5559C62460243F00EA07FE /* ArtistActivityCacheTest.swift in Sources */,
				7D3088F2249DBB3400826E5D /* FakeOnboardingDelegate.swift in Sources */,
				7D5A2B032322682F00B56000 /* FeedViewControllerTest.swift in Sources */,
				7D233B36233226F300EC95B6 /* ProfileCacheTest.swift in Sources */,
				7DB158892319575C00F86A9E /* OnboardingCoordinatorTest.swift in Sources */,
				7D5A2B172325169900B56000 /* FakeData.swift in Sources */,
				7DF11A22232C803E00C1072B /* Wilt.xcdatamodeld in Sources */,
				7DDF2B95246C0F3A002EBA42 /* HistoryViewModelTest.swift in Sources */,
				7DD271F523C5BBF8006B543F /* ListenLaterStoreTest.swift in Sources */,
				7DB1588C2319EDE300F86A9E /* FakeSpotifyAuthoriser.swift in Sources */,
				7D233B302330472800EC95B6 /* ProfileViewModelTest.swift in Sources */,
				7DB15890231A4E2200F86A9E /* FakeError.swift in Sources */,
				7DB1588E2319EDF000F86A9E /* FakeAuthenticator.swift in Sources */,
				7DB1587F2315EED700F86A9E /* OnboardingViewModelTest.swift in Sources */,
				7D5A2B1D232A719E00B56000 /* PlayHistoryPagerTest.swift in Sources */,
				7D233B3A2334C6DF00EC95B6 /* SettingsViewControllerTest.swift in Sources */,
				7D5559BE245AF29600EA07FE /* ArtistDetailViewModelTest.swift in Sources */,
				7DD271FD23C67FFA006B543F /* FakeListenLaterDao.swift in Sources */,
				7DD271FB23C5E32E006B543F /* ListenLaterViewControllerTest.swift in Sources */,
				7DD05B9123D103F10020EDD0 /* SpotifyAPITest.swift in Sources */,
			);
			runOnlyForDeploymentPostprocessing = 0;
		};
		7D47CCB722FB88CA00A4D96E /* Sources */ = {
			isa = PBXSourcesBuildPhase;
			buildActionMask = 2147483647;
			files = (
				7DBF9C5723C1AB480064C345 /* SnapshotHelper.swift in Sources */,
				7D47CCC022FB88CA00A4D96E /* WiltUITests.swift in Sources */,
			);
			runOnlyForDeploymentPostprocessing = 0;
		};
/* End PBXSourcesBuildPhase section */

/* Begin PBXTargetDependency section */
		7D47CCB222FB88CA00A4D96E /* PBXTargetDependency */ = {
			isa = PBXTargetDependency;
			target = 7D47CC9822FB88C700A4D96E /* Wilt */;
			targetProxy = 7D47CCB122FB88CA00A4D96E /* PBXContainerItemProxy */;
		};
		7D47CCBD22FB88CA00A4D96E /* PBXTargetDependency */ = {
			isa = PBXTargetDependency;
			target = 7D47CC9822FB88C700A4D96E /* Wilt */;
			targetProxy = 7D47CCBC22FB88CA00A4D96E /* PBXContainerItemProxy */;
		};
/* End PBXTargetDependency section */

/* Begin PBXVariantGroup section */
		7D47CCA822FB88C900A4D96E /* LaunchScreen.storyboard */ = {
			isa = PBXVariantGroup;
			children = (
				7D47CCA922FB88C900A4D96E /* Base */,
			);
			name = LaunchScreen.storyboard;
			sourceTree = "<group>";
		};
		7DB15868230D6BEC00F86A9E /* Localizable.strings */ = {
			isa = PBXVariantGroup;
			children = (
				7DB15867230D6BEC00F86A9E /* en */,
			);
			name = Localizable.strings;
			sourceTree = "<group>";
		};
/* End PBXVariantGroup section */

/* Begin XCBuildConfiguration section */
		7D47CCC222FB88CA00A4D96E /* Debug */ = {
			isa = XCBuildConfiguration;
			buildSettings = {
				ALWAYS_SEARCH_USER_PATHS = NO;
				CLANG_ANALYZER_NONNULL = YES;
				CLANG_ANALYZER_NUMBER_OBJECT_CONVERSION = YES_AGGRESSIVE;
				CLANG_CXX_LANGUAGE_STANDARD = "gnu++14";
				CLANG_CXX_LIBRARY = "libc++";
				CLANG_ENABLE_MODULES = YES;
				CLANG_ENABLE_OBJC_ARC = YES;
				CLANG_ENABLE_OBJC_WEAK = YES;
				CLANG_WARN_BLOCK_CAPTURE_AUTORELEASING = YES;
				CLANG_WARN_BOOL_CONVERSION = YES;
				CLANG_WARN_COMMA = YES;
				CLANG_WARN_CONSTANT_CONVERSION = YES;
				CLANG_WARN_DEPRECATED_OBJC_IMPLEMENTATIONS = YES;
				CLANG_WARN_DIRECT_OBJC_ISA_USAGE = YES_ERROR;
				CLANG_WARN_DOCUMENTATION_COMMENTS = YES;
				CLANG_WARN_EMPTY_BODY = YES;
				CLANG_WARN_ENUM_CONVERSION = YES;
				CLANG_WARN_INFINITE_RECURSION = YES;
				CLANG_WARN_INT_CONVERSION = YES;
				CLANG_WARN_NON_LITERAL_NULL_CONVERSION = YES;
				CLANG_WARN_OBJC_IMPLICIT_RETAIN_SELF = YES;
				CLANG_WARN_OBJC_LITERAL_CONVERSION = YES;
				CLANG_WARN_OBJC_ROOT_CLASS = YES_ERROR;
				CLANG_WARN_RANGE_LOOP_ANALYSIS = YES;
				CLANG_WARN_STRICT_PROTOTYPES = YES;
				CLANG_WARN_SUSPICIOUS_MOVE = YES;
				CLANG_WARN_UNGUARDED_AVAILABILITY = YES_AGGRESSIVE;
				CLANG_WARN_UNREACHABLE_CODE = YES;
				CLANG_WARN__DUPLICATE_METHOD_MATCH = YES;
				CODE_SIGN_IDENTITY = "iPhone Developer";
				COPY_PHASE_STRIP = NO;
				DEBUG_INFORMATION_FORMAT = dwarf;
				ENABLE_STRICT_OBJC_MSGSEND = YES;
				ENABLE_TESTABILITY = YES;
				GCC_C_LANGUAGE_STANDARD = gnu11;
				GCC_DYNAMIC_NO_PIC = NO;
				GCC_NO_COMMON_BLOCKS = YES;
				GCC_OPTIMIZATION_LEVEL = 0;
				GCC_PREPROCESSOR_DEFINITIONS = (
					"DEBUG=1",
					"$(inherited)",
				);
				GCC_WARN_64_TO_32_BIT_CONVERSION = YES;
				GCC_WARN_ABOUT_RETURN_TYPE = YES_ERROR;
				GCC_WARN_UNDECLARED_SELECTOR = YES;
				GCC_WARN_UNINITIALIZED_AUTOS = YES_AGGRESSIVE;
				GCC_WARN_UNUSED_FUNCTION = YES;
				GCC_WARN_UNUSED_VARIABLE = YES;
				IPHONEOS_DEPLOYMENT_TARGET = 12.4;
				MTL_ENABLE_DEBUG_INFO = INCLUDE_SOURCE;
				MTL_FAST_MATH = YES;
				ONLY_ACTIVE_ARCH = YES;
				SDKROOT = iphoneos;
				SWIFT_ACTIVE_COMPILATION_CONDITIONS = DEBUG;
				SWIFT_OPTIMIZATION_LEVEL = "-Onone";
			};
			name = Debug;
		};
		7D47CCC322FB88CA00A4D96E /* Release */ = {
			isa = XCBuildConfiguration;
			buildSettings = {
				ALWAYS_SEARCH_USER_PATHS = NO;
				CLANG_ANALYZER_NONNULL = YES;
				CLANG_ANALYZER_NUMBER_OBJECT_CONVERSION = YES_AGGRESSIVE;
				CLANG_CXX_LANGUAGE_STANDARD = "gnu++14";
				CLANG_CXX_LIBRARY = "libc++";
				CLANG_ENABLE_MODULES = YES;
				CLANG_ENABLE_OBJC_ARC = YES;
				CLANG_ENABLE_OBJC_WEAK = YES;
				CLANG_WARN_BLOCK_CAPTURE_AUTORELEASING = YES;
				CLANG_WARN_BOOL_CONVERSION = YES;
				CLANG_WARN_COMMA = YES;
				CLANG_WARN_CONSTANT_CONVERSION = YES;
				CLANG_WARN_DEPRECATED_OBJC_IMPLEMENTATIONS = YES;
				CLANG_WARN_DIRECT_OBJC_ISA_USAGE = YES_ERROR;
				CLANG_WARN_DOCUMENTATION_COMMENTS = YES;
				CLANG_WARN_EMPTY_BODY = YES;
				CLANG_WARN_ENUM_CONVERSION = YES;
				CLANG_WARN_INFINITE_RECURSION = YES;
				CLANG_WARN_INT_CONVERSION = YES;
				CLANG_WARN_NON_LITERAL_NULL_CONVERSION = YES;
				CLANG_WARN_OBJC_IMPLICIT_RETAIN_SELF = YES;
				CLANG_WARN_OBJC_LITERAL_CONVERSION = YES;
				CLANG_WARN_OBJC_ROOT_CLASS = YES_ERROR;
				CLANG_WARN_RANGE_LOOP_ANALYSIS = YES;
				CLANG_WARN_STRICT_PROTOTYPES = YES;
				CLANG_WARN_SUSPICIOUS_MOVE = YES;
				CLANG_WARN_UNGUARDED_AVAILABILITY = YES_AGGRESSIVE;
				CLANG_WARN_UNREACHABLE_CODE = YES;
				CLANG_WARN__DUPLICATE_METHOD_MATCH = YES;
				CODE_SIGN_IDENTITY = "iPhone Developer";
				COPY_PHASE_STRIP = NO;
				DEBUG_INFORMATION_FORMAT = "dwarf-with-dsym";
				ENABLE_NS_ASSERTIONS = NO;
				ENABLE_STRICT_OBJC_MSGSEND = YES;
				GCC_C_LANGUAGE_STANDARD = gnu11;
				GCC_NO_COMMON_BLOCKS = YES;
				GCC_WARN_64_TO_32_BIT_CONVERSION = YES;
				GCC_WARN_ABOUT_RETURN_TYPE = YES_ERROR;
				GCC_WARN_UNDECLARED_SELECTOR = YES;
				GCC_WARN_UNINITIALIZED_AUTOS = YES_AGGRESSIVE;
				GCC_WARN_UNUSED_FUNCTION = YES;
				GCC_WARN_UNUSED_VARIABLE = YES;
				IPHONEOS_DEPLOYMENT_TARGET = 12.4;
				MTL_ENABLE_DEBUG_INFO = NO;
				MTL_FAST_MATH = YES;
				SDKROOT = iphoneos;
				SWIFT_COMPILATION_MODE = wholemodule;
				SWIFT_OPTIMIZATION_LEVEL = "-O";
				VALIDATE_PRODUCT = YES;
			};
			name = Release;
		};
		7D47CCC522FB88CA00A4D96E /* Debug */ = {
			isa = XCBuildConfiguration;
			baseConfigurationReference = F91BD1972A71265ABBA4EDBC /* Pods-Wilt.debug.xcconfig */;
			buildSettings = {
				ASSETCATALOG_COMPILER_APPICON_NAME = AppIcon;
				CODE_SIGN_STYLE = Automatic;
				DEVELOPMENT_TEAM = XFH734QVLQ;
				FRAMEWORK_SEARCH_PATHS = (
					"$(inherited)",
					"$(PROJECT_DIR)",
				);
				INFOPLIST_FILE = Wilt/Info.plist;
				IPHONEOS_DEPLOYMENT_TARGET = 11.0;
				LD_RUNPATH_SEARCH_PATHS = (
					"$(inherited)",
					"@executable_path/Frameworks",
				);
				OTHER_LDFLAGS = "$(inherited)";
				PRODUCT_BUNDLE_IDENTIFIER = com.oliveroneill.Wilt;
				PRODUCT_NAME = "$(TARGET_NAME)";
				SWIFT_OBJC_BRIDGING_HEADER = "Wilt/Wilt-Bridging-Header.h";
				SWIFT_VERSION = 5.0;
				TARGETED_DEVICE_FAMILY = 1;
			};
			name = Debug;
		};
		7D47CCC622FB88CA00A4D96E /* Release */ = {
			isa = XCBuildConfiguration;
			baseConfigurationReference = CC23487B05CFBECB94E2C7F1 /* Pods-Wilt.release.xcconfig */;
			buildSettings = {
				ASSETCATALOG_COMPILER_APPICON_NAME = AppIcon;
				CODE_SIGN_STYLE = Automatic;
				DEVELOPMENT_TEAM = XFH734QVLQ;
				FRAMEWORK_SEARCH_PATHS = (
					"$(inherited)",
					"$(PROJECT_DIR)",
				);
				INFOPLIST_FILE = Wilt/Info.plist;
				IPHONEOS_DEPLOYMENT_TARGET = 11.0;
				LD_RUNPATH_SEARCH_PATHS = (
					"$(inherited)",
					"@executable_path/Frameworks",
				);
				OTHER_LDFLAGS = "$(inherited)";
				PRODUCT_BUNDLE_IDENTIFIER = com.oliveroneill.Wilt;
				PRODUCT_NAME = "$(TARGET_NAME)";
				SWIFT_OBJC_BRIDGING_HEADER = "Wilt/Wilt-Bridging-Header.h";
				SWIFT_VERSION = 5.0;
				TARGETED_DEVICE_FAMILY = 1;
			};
			name = Release;
		};
		7D47CCC822FB88CA00A4D96E /* Debug */ = {
			isa = XCBuildConfiguration;
			baseConfigurationReference = 2A13D14CF909B00402178AE0 /* Pods-WiltTests.debug.xcconfig */;
			buildSettings = {
				ALWAYS_EMBED_SWIFT_STANDARD_LIBRARIES = "$(inherited)";
				BUNDLE_LOADER = "$(TEST_HOST)";
				CLANG_ENABLE_MODULES = YES;
				CODE_SIGN_STYLE = Automatic;
				DEVELOPMENT_TEAM = XFH734QVLQ;
				FRAMEWORK_SEARCH_PATHS = (
					"$(inherited)",
					"$(PROJECT_DIR)",
				);
				INFOPLIST_FILE = WiltTests/Info.plist;
				LD_RUNPATH_SEARCH_PATHS = (
					"$(inherited)",
					"@executable_path/Frameworks",
					"@loader_path/Frameworks",
				);
				PRODUCT_BUNDLE_IDENTIFIER = com.oliveroneill.WiltTests;
				PRODUCT_NAME = "$(TARGET_NAME)";
				SWIFT_OBJC_BRIDGING_HEADER = "WiltTests/WiltTests-Bridging-Header.h";
				SWIFT_OPTIMIZATION_LEVEL = "-Onone";
				SWIFT_VERSION = 5.0;
				TARGETED_DEVICE_FAMILY = "1,2";
				TEST_HOST = "$(BUILT_PRODUCTS_DIR)/Wilt.app/Wilt";
			};
			name = Debug;
		};
		7D47CCC922FB88CA00A4D96E /* Release */ = {
			isa = XCBuildConfiguration;
			baseConfigurationReference = 0822321D998B197FA7C63930 /* Pods-WiltTests.release.xcconfig */;
			buildSettings = {
				ALWAYS_EMBED_SWIFT_STANDARD_LIBRARIES = "$(inherited)";
				BUNDLE_LOADER = "$(TEST_HOST)";
				CLANG_ENABLE_MODULES = YES;
				CODE_SIGN_STYLE = Automatic;
				DEVELOPMENT_TEAM = XFH734QVLQ;
				FRAMEWORK_SEARCH_PATHS = (
					"$(inherited)",
					"$(PROJECT_DIR)",
				);
				INFOPLIST_FILE = WiltTests/Info.plist;
				LD_RUNPATH_SEARCH_PATHS = (
					"$(inherited)",
					"@executable_path/Frameworks",
					"@loader_path/Frameworks",
				);
				PRODUCT_BUNDLE_IDENTIFIER = com.oliveroneill.WiltTests;
				PRODUCT_NAME = "$(TARGET_NAME)";
				SWIFT_OBJC_BRIDGING_HEADER = "WiltTests/WiltTests-Bridging-Header.h";
				SWIFT_VERSION = 5.0;
				TARGETED_DEVICE_FAMILY = "1,2";
				TEST_HOST = "$(BUILT_PRODUCTS_DIR)/Wilt.app/Wilt";
			};
			name = Release;
		};
		7D47CCCB22FB88CA00A4D96E /* Debug */ = {
			isa = XCBuildConfiguration;
			baseConfigurationReference = 36750E6BC8A0022B7B4C66F3 /* Pods-WiltUITests.debug.xcconfig */;
			buildSettings = {
				ALWAYS_EMBED_SWIFT_STANDARD_LIBRARIES = "$(inherited)";
				CODE_SIGN_STYLE = Automatic;
				DEVELOPMENT_TEAM = XFH734QVLQ;
				FRAMEWORK_SEARCH_PATHS = (
					"$(inherited)",
					"$(PROJECT_DIR)",
				);
				INFOPLIST_FILE = WiltUITests/Info.plist;
				LD_RUNPATH_SEARCH_PATHS = (
					"$(inherited)",
					"@executable_path/Frameworks",
					"@loader_path/Frameworks",
				);
				PRODUCT_BUNDLE_IDENTIFIER = com.oliveroneill.WiltUITests;
				PRODUCT_NAME = "$(TARGET_NAME)";
				SWIFT_VERSION = 5.0;
				TARGETED_DEVICE_FAMILY = "1,2";
				TEST_TARGET_NAME = Wilt;
			};
			name = Debug;
		};
		7D47CCCC22FB88CA00A4D96E /* Release */ = {
			isa = XCBuildConfiguration;
			baseConfigurationReference = 9F080601268B05D76B57D93C /* Pods-WiltUITests.release.xcconfig */;
			buildSettings = {
				ALWAYS_EMBED_SWIFT_STANDARD_LIBRARIES = "$(inherited)";
				CODE_SIGN_STYLE = Automatic;
				DEVELOPMENT_TEAM = XFH734QVLQ;
				FRAMEWORK_SEARCH_PATHS = (
					"$(inherited)",
					"$(PROJECT_DIR)",
				);
				INFOPLIST_FILE = WiltUITests/Info.plist;
				LD_RUNPATH_SEARCH_PATHS = (
					"$(inherited)",
					"@executable_path/Frameworks",
					"@loader_path/Frameworks",
				);
				PRODUCT_BUNDLE_IDENTIFIER = com.oliveroneill.WiltUITests;
				PRODUCT_NAME = "$(TARGET_NAME)";
				SWIFT_VERSION = 5.0;
				TARGETED_DEVICE_FAMILY = "1,2";
				TEST_TARGET_NAME = Wilt;
			};
			name = Release;
		};
/* End XCBuildConfiguration section */

/* Begin XCConfigurationList section */
		7D47CC9422FB88C700A4D96E /* Build configuration list for PBXProject "Wilt" */ = {
			isa = XCConfigurationList;
			buildConfigurations = (
				7D47CCC222FB88CA00A4D96E /* Debug */,
				7D47CCC322FB88CA00A4D96E /* Release */,
			);
			defaultConfigurationIsVisible = 0;
			defaultConfigurationName = Release;
		};
		7D47CCC422FB88CA00A4D96E /* Build configuration list for PBXNativeTarget "Wilt" */ = {
			isa = XCConfigurationList;
			buildConfigurations = (
				7D47CCC522FB88CA00A4D96E /* Debug */,
				7D47CCC622FB88CA00A4D96E /* Release */,
			);
			defaultConfigurationIsVisible = 0;
			defaultConfigurationName = Release;
		};
		7D47CCC722FB88CA00A4D96E /* Build configuration list for PBXNativeTarget "WiltTests" */ = {
			isa = XCConfigurationList;
			buildConfigurations = (
				7D47CCC822FB88CA00A4D96E /* Debug */,
				7D47CCC922FB88CA00A4D96E /* Release */,
			);
			defaultConfigurationIsVisible = 0;
			defaultConfigurationName = Release;
		};
		7D47CCCA22FB88CA00A4D96E /* Build configuration list for PBXNativeTarget "WiltUITests" */ = {
			isa = XCConfigurationList;
			buildConfigurations = (
				7D47CCCB22FB88CA00A4D96E /* Debug */,
				7D47CCCC22FB88CA00A4D96E /* Release */,
			);
			defaultConfigurationIsVisible = 0;
			defaultConfigurationName = Release;
		};
/* End XCConfigurationList section */

/* Begin XCVersionGroup section */
		7D47CCA322FB88C700A4D96E /* Wilt.xcdatamodeld */ = {
			isa = XCVersionGroup;
			children = (
				7D47CCA422FB88C700A4D96E /* Wilt.xcdatamodel */,
			);
			currentVersion = 7D47CCA422FB88C700A4D96E /* Wilt.xcdatamodel */;
			path = Wilt.xcdatamodeld;
			sourceTree = "<group>";
			versionGroupType = wrapper.xcdatamodel;
		};
/* End XCVersionGroup section */
	};
	rootObject = 7D47CC9122FB88C700A4D96E /* Project object */;
}
